// !$*UTF8*$!
{
	archiveVersion = 1;
	classes = {
	};
	objectVersion = 46;
	objects = {

/* Begin PBXBuildFile section */
		BE799D901471962600CFC615 /* UIKit.framework in Frameworks */ = {isa = PBXBuildFile; fileRef = BE799D8F1471962600CFC615 /* UIKit.framework */; };
		BE799D921471962600CFC615 /* Foundation.framework in Frameworks */ = {isa = PBXBuildFile; fileRef = BE799D911471962600CFC615 /* Foundation.framework */; };
		BE799D941471962600CFC615 /* CoreGraphics.framework in Frameworks */ = {isa = PBXBuildFile; fileRef = BE799D931471962600CFC615 /* CoreGraphics.framework */; };
		BE799D961471962600CFC615 /* CoreData.framework in Frameworks */ = {isa = PBXBuildFile; fileRef = BE799D951471962600CFC615 /* CoreData.framework */; };
		BE799D9C1471962600CFC615 /* InfoPlist.strings in Resources */ = {isa = PBXBuildFile; fileRef = BE799D9A1471962600CFC615 /* InfoPlist.strings */; };
		BE799D9E1471962600CFC615 /* main.m in Sources */ = {isa = PBXBuildFile; fileRef = BE799D9D1471962600CFC615 /* main.m */; };
		BE799DA21471962700CFC615 /* MGAppDelegate.m in Sources */ = {isa = PBXBuildFile; fileRef = BE799DA11471962700CFC615 /* MGAppDelegate.m */; };
		BE799DA51471962700CFC615 /* Memegram.xcdatamodeld in Sources */ = {isa = PBXBuildFile; fileRef = BE799DA31471962700CFC615 /* Memegram.xcdatamodeld */; };
		BE799DA81471962700CFC615 /* MGMasterViewController.m in Sources */ = {isa = PBXBuildFile; fileRef = BE799DA71471962700CFC615 /* MGMasterViewController.m */; };
		BE799DAB1471962700CFC615 /* MGDetailViewController.m in Sources */ = {isa = PBXBuildFile; fileRef = BE799DAA1471962700CFC615 /* MGDetailViewController.m */; };
		BE799DAE1471962700CFC615 /* MGMasterViewController_iPhone.xib in Resources */ = {isa = PBXBuildFile; fileRef = BE799DAC1471962700CFC615 /* MGMasterViewController_iPhone.xib */; };
		BE799DB11471962700CFC615 /* MGMasterViewController_iPad.xib in Resources */ = {isa = PBXBuildFile; fileRef = BE799DAF1471962700CFC615 /* MGMasterViewController_iPad.xib */; };
		BE799DB41471962700CFC615 /* MGDetailViewController_iPhone.xib in Resources */ = {isa = PBXBuildFile; fileRef = BE799DB21471962700CFC615 /* MGDetailViewController_iPhone.xib */; };
		BE799DB71471962700CFC615 /* MGDetailViewController_iPad.xib in Resources */ = {isa = PBXBuildFile; fileRef = BE799DB51471962700CFC615 /* MGDetailViewController_iPad.xib */; };
		BE799DBF1471962700CFC615 /* SenTestingKit.framework in Frameworks */ = {isa = PBXBuildFile; fileRef = BE799DBE1471962700CFC615 /* SenTestingKit.framework */; };
		BE799DC01471962700CFC615 /* UIKit.framework in Frameworks */ = {isa = PBXBuildFile; fileRef = BE799D8F1471962600CFC615 /* UIKit.framework */; };
		BE799DC11471962700CFC615 /* Foundation.framework in Frameworks */ = {isa = PBXBuildFile; fileRef = BE799D911471962600CFC615 /* Foundation.framework */; };
		BE799DC21471962700CFC615 /* CoreData.framework in Frameworks */ = {isa = PBXBuildFile; fileRef = BE799D951471962600CFC615 /* CoreData.framework */; };
		BE799DCA1471962700CFC615 /* InfoPlist.strings in Resources */ = {isa = PBXBuildFile; fileRef = BE799DC81471962700CFC615 /* InfoPlist.strings */; };
		BE799DCD1471962700CFC615 /* MemegramTests.m in Sources */ = {isa = PBXBuildFile; fileRef = BE799DCC1471962700CFC615 /* MemegramTests.m */; };
		BEE7A64A1471EB58002CB0C0 /* IGInstagramAPI.m in Sources */ = {isa = PBXBuildFile; fileRef = BEE7A6491471EB58002CB0C0 /* IGInstagramAPI.m */; };
		BEE7A64D1471EBB2002CB0C0 /* IGInstagramAuthController.m in Sources */ = {isa = PBXBuildFile; fileRef = BEE7A64C1471EBB2002CB0C0 /* IGInstagramAuthController.m */; };
		BEE7A6891471F3AB002CB0C0 /* Development.xcconfig in Resources */ = {isa = PBXBuildFile; fileRef = BEE7A6881471F3AB002CB0C0 /* Development.xcconfig */; };
		BEE7A68B1471F4A1002CB0C0 /* Production.xcconfig in Resources */ = {isa = PBXBuildFile; fileRef = BEE7A68A1471F4A1002CB0C0 /* Production.xcconfig */; };
		BEE7A68E14720322002CB0C0 /* IGInstagramMedia.m in Sources */ = {isa = PBXBuildFile; fileRef = BEE7A68D14720322002CB0C0 /* IGInstagramMedia.m */; };
		BEE7A696147209F6002CB0C0 /* IGConnection.m in Sources */ = {isa = PBXBuildFile; fileRef = BEE7A695147209F6002CB0C0 /* IGConnection.m */; };
		BEE7A69914720A3A002CB0C0 /* IGResponse.m in Sources */ = {isa = PBXBuildFile; fileRef = BEE7A69814720A3A002CB0C0 /* IGResponse.m */; };
		BEE7A6A414720C8F002CB0C0 /* IGConnectionDelegate.m in Sources */ = {isa = PBXBuildFile; fileRef = BEE7A6A314720C8F002CB0C0 /* IGConnectionDelegate.m */; };
		BEE7A6A814721639002CB0C0 /* IGAuthDefaultInitialView.m in Sources */ = {isa = PBXBuildFile; fileRef = BEE7A6A714721638002CB0C0 /* IGAuthDefaultInitialView.m */; };
		BEE7A6AC1472255F002CB0C0 /* UIView+WillFleming.m in Sources */ = {isa = PBXBuildFile; fileRef = BEE7A6AB1472255F002CB0C0 /* UIView+WillFleming.m */; };
/* End PBXBuildFile section */

/* Begin PBXContainerItemProxy section */
		BE799DC31471962700CFC615 /* PBXContainerItemProxy */ = {
			isa = PBXContainerItemProxy;
			containerPortal = BE799D821471962600CFC615 /* Project object */;
			proxyType = 1;
			remoteGlobalIDString = BE799D8A1471962600CFC615;
			remoteInfo = Memegram;
		};
/* End PBXContainerItemProxy section */

/* Begin PBXFileReference section */
		BE799D8B1471962600CFC615 /* Memegram.app */ = {isa = PBXFileReference; explicitFileType = wrapper.application; includeInIndex = 0; path = Memegram.app; sourceTree = BUILT_PRODUCTS_DIR; };
		BE799D8F1471962600CFC615 /* UIKit.framework */ = {isa = PBXFileReference; lastKnownFileType = wrapper.framework; name = UIKit.framework; path = System/Library/Frameworks/UIKit.framework; sourceTree = SDKROOT; };
		BE799D911471962600CFC615 /* Foundation.framework */ = {isa = PBXFileReference; lastKnownFileType = wrapper.framework; name = Foundation.framework; path = System/Library/Frameworks/Foundation.framework; sourceTree = SDKROOT; };
		BE799D931471962600CFC615 /* CoreGraphics.framework */ = {isa = PBXFileReference; lastKnownFileType = wrapper.framework; name = CoreGraphics.framework; path = System/Library/Frameworks/CoreGraphics.framework; sourceTree = SDKROOT; };
		BE799D951471962600CFC615 /* CoreData.framework */ = {isa = PBXFileReference; lastKnownFileType = wrapper.framework; name = CoreData.framework; path = System/Library/Frameworks/CoreData.framework; sourceTree = SDKROOT; };
		BE799D991471962600CFC615 /* Memegram-Info.plist */ = {isa = PBXFileReference; lastKnownFileType = text.plist.xml; path = "Memegram-Info.plist"; sourceTree = "<group>"; };
		BE799D9B1471962600CFC615 /* en */ = {isa = PBXFileReference; lastKnownFileType = text.plist.strings; name = en; path = en.lproj/InfoPlist.strings; sourceTree = "<group>"; };
		BE799D9D1471962600CFC615 /* main.m */ = {isa = PBXFileReference; lastKnownFileType = sourcecode.c.objc; path = main.m; sourceTree = "<group>"; };
		BE799D9F1471962600CFC615 /* Memegram-Prefix.pch */ = {isa = PBXFileReference; lastKnownFileType = sourcecode.c.h; path = "Memegram-Prefix.pch"; sourceTree = "<group>"; };
		BE799DA01471962700CFC615 /* MGAppDelegate.h */ = {isa = PBXFileReference; lastKnownFileType = sourcecode.c.h; path = MGAppDelegate.h; sourceTree = "<group>"; };
		BE799DA11471962700CFC615 /* MGAppDelegate.m */ = {isa = PBXFileReference; lastKnownFileType = sourcecode.c.objc; path = MGAppDelegate.m; sourceTree = "<group>"; };
		BE799DA41471962700CFC615 /* Memegram.xcdatamodel */ = {isa = PBXFileReference; lastKnownFileType = wrapper.xcdatamodel; path = Memegram.xcdatamodel; sourceTree = "<group>"; };
		BE799DA61471962700CFC615 /* MGMasterViewController.h */ = {isa = PBXFileReference; lastKnownFileType = sourcecode.c.h; path = MGMasterViewController.h; sourceTree = "<group>"; };
		BE799DA71471962700CFC615 /* MGMasterViewController.m */ = {isa = PBXFileReference; lastKnownFileType = sourcecode.c.objc; path = MGMasterViewController.m; sourceTree = "<group>"; };
		BE799DA91471962700CFC615 /* MGDetailViewController.h */ = {isa = PBXFileReference; lastKnownFileType = sourcecode.c.h; path = MGDetailViewController.h; sourceTree = "<group>"; };
		BE799DAA1471962700CFC615 /* MGDetailViewController.m */ = {isa = PBXFileReference; lastKnownFileType = sourcecode.c.objc; path = MGDetailViewController.m; sourceTree = "<group>"; };
		BE799DAD1471962700CFC615 /* en */ = {isa = PBXFileReference; lastKnownFileType = file.xib; name = en; path = en.lproj/MGMasterViewController_iPhone.xib; sourceTree = "<group>"; };
		BE799DB01471962700CFC615 /* en */ = {isa = PBXFileReference; lastKnownFileType = file.xib; name = en; path = en.lproj/MGMasterViewController_iPad.xib; sourceTree = "<group>"; };
		BE799DB31471962700CFC615 /* en */ = {isa = PBXFileReference; lastKnownFileType = file.xib; name = en; path = en.lproj/MGDetailViewController_iPhone.xib; sourceTree = "<group>"; };
		BE799DB61471962700CFC615 /* en */ = {isa = PBXFileReference; lastKnownFileType = file.xib; name = en; path = en.lproj/MGDetailViewController_iPad.xib; sourceTree = "<group>"; };
		BE799DBD1471962700CFC615 /* MemegramTests.octest */ = {isa = PBXFileReference; explicitFileType = wrapper.cfbundle; includeInIndex = 0; path = MemegramTests.octest; sourceTree = BUILT_PRODUCTS_DIR; };
		BE799DBE1471962700CFC615 /* SenTestingKit.framework */ = {isa = PBXFileReference; lastKnownFileType = wrapper.framework; name = SenTestingKit.framework; path = Library/Frameworks/SenTestingKit.framework; sourceTree = DEVELOPER_DIR; };
		BE799DC71471962700CFC615 /* MemegramTests-Info.plist */ = {isa = PBXFileReference; lastKnownFileType = text.plist.xml; path = "MemegramTests-Info.plist"; sourceTree = "<group>"; };
		BE799DC91471962700CFC615 /* en */ = {isa = PBXFileReference; lastKnownFileType = text.plist.strings; name = en; path = en.lproj/InfoPlist.strings; sourceTree = "<group>"; };
		BE799DCB1471962700CFC615 /* MemegramTests.h */ = {isa = PBXFileReference; lastKnownFileType = sourcecode.c.h; path = MemegramTests.h; sourceTree = "<group>"; };
		BE799DCC1471962700CFC615 /* MemegramTests.m */ = {isa = PBXFileReference; lastKnownFileType = sourcecode.c.objc; path = MemegramTests.m; sourceTree = "<group>"; };
		BEE7A6481471EB58002CB0C0 /* IGInstagramAPI.h */ = {isa = PBXFileReference; fileEncoding = 4; lastKnownFileType = sourcecode.c.h; path = IGInstagramAPI.h; sourceTree = "<group>"; };
		BEE7A6491471EB58002CB0C0 /* IGInstagramAPI.m */ = {isa = PBXFileReference; fileEncoding = 4; lastKnownFileType = sourcecode.c.objc; path = IGInstagramAPI.m; sourceTree = "<group>"; };
		BEE7A64B1471EBB2002CB0C0 /* IGInstagramAuthController.h */ = {isa = PBXFileReference; fileEncoding = 4; lastKnownFileType = sourcecode.c.h; path = IGInstagramAuthController.h; sourceTree = "<group>"; };
		BEE7A64C1471EBB2002CB0C0 /* IGInstagramAuthController.m */ = {isa = PBXFileReference; fileEncoding = 4; lastKnownFileType = sourcecode.c.objc; path = IGInstagramAuthController.m; sourceTree = "<group>"; };
		BEE7A6881471F3AB002CB0C0 /* Development.xcconfig */ = {isa = PBXFileReference; fileEncoding = 4; lastKnownFileType = text.xcconfig; path = Development.xcconfig; sourceTree = "<group>"; };
		BEE7A68A1471F4A1002CB0C0 /* Production.xcconfig */ = {isa = PBXFileReference; fileEncoding = 4; lastKnownFileType = text.xcconfig; path = Production.xcconfig; sourceTree = "<group>"; };
		BEE7A68C14720322002CB0C0 /* IGInstagramMedia.h */ = {isa = PBXFileReference; fileEncoding = 4; lastKnownFileType = sourcecode.c.h; path = IGInstagramMedia.h; sourceTree = "<group>"; };
		BEE7A68D14720322002CB0C0 /* IGInstagramMedia.m */ = {isa = PBXFileReference; fileEncoding = 4; lastKnownFileType = sourcecode.c.objc; path = IGInstagramMedia.m; sourceTree = "<group>"; };
		BEE7A694147209F6002CB0C0 /* IGConnection.h */ = {isa = PBXFileReference; fileEncoding = 4; lastKnownFileType = sourcecode.c.h; path = IGConnection.h; sourceTree = "<group>"; };
		BEE7A695147209F6002CB0C0 /* IGConnection.m */ = {isa = PBXFileReference; fileEncoding = 4; lastKnownFileType = sourcecode.c.objc; path = IGConnection.m; sourceTree = "<group>"; };
		BEE7A69714720A3A002CB0C0 /* IGResponse.h */ = {isa = PBXFileReference; fileEncoding = 4; lastKnownFileType = sourcecode.c.h; name = IGResponse.h; path = Memegram/IGResponse.h; sourceTree = "<group>"; };
		BEE7A69814720A3A002CB0C0 /* IGResponse.m */ = {isa = PBXFileReference; fileEncoding = 4; lastKnownFileType = sourcecode.c.objc; name = IGResponse.m; path = Memegram/IGResponse.m; sourceTree = "<group>"; };
		BEE7A6A214720C8F002CB0C0 /* IGConnectionDelegate.h */ = {isa = PBXFileReference; fileEncoding = 4; lastKnownFileType = sourcecode.c.h; name = IGConnectionDelegate.h; path = Memegram/IGConnectionDelegate.h; sourceTree = "<group>"; };
		BEE7A6A314720C8F002CB0C0 /* IGConnectionDelegate.m */ = {isa = PBXFileReference; fileEncoding = 4; lastKnownFileType = sourcecode.c.objc; name = IGConnectionDelegate.m; path = Memegram/IGConnectionDelegate.m; sourceTree = "<group>"; };
		BEE7A6A614721638002CB0C0 /* IGAuthDefaultInitialView.h */ = {isa = PBXFileReference; fileEncoding = 4; lastKnownFileType = sourcecode.c.h; path = IGAuthDefaultInitialView.h; sourceTree = "<group>"; };
		BEE7A6A714721638002CB0C0 /* IGAuthDefaultInitialView.m */ = {isa = PBXFileReference; fileEncoding = 4; lastKnownFileType = sourcecode.c.objc; path = IGAuthDefaultInitialView.m; sourceTree = "<group>"; };
		BEE7A6AA1472255F002CB0C0 /* UIView+WillFleming.h */ = {isa = PBXFileReference; fileEncoding = 4; path = "UIView+WillFleming.h"; sourceTree = "<group>"; };
		BEE7A6AB1472255F002CB0C0 /* UIView+WillFleming.m */ = {isa = PBXFileReference; fileEncoding = 4; lastKnownFileType = sourcecode.c.objc; path = "UIView+WillFleming.m"; sourceTree = "<group>"; };
/* End PBXFileReference section */

/* Begin PBXFrameworksBuildPhase section */
		BE799D881471962600CFC615 /* Frameworks */ = {
			isa = PBXFrameworksBuildPhase;
			buildActionMask = 2147483647;
			files = (
				BE799D901471962600CFC615 /* UIKit.framework in Frameworks */,
				BE799D921471962600CFC615 /* Foundation.framework in Frameworks */,
				BE799D941471962600CFC615 /* CoreGraphics.framework in Frameworks */,
				BE799D961471962600CFC615 /* CoreData.framework in Frameworks */,
			);
			runOnlyForDeploymentPostprocessing = 0;
		};
		BE799DB91471962700CFC615 /* Frameworks */ = {
			isa = PBXFrameworksBuildPhase;
			buildActionMask = 2147483647;
			files = (
				BE799DBF1471962700CFC615 /* SenTestingKit.framework in Frameworks */,
				BE799DC01471962700CFC615 /* UIKit.framework in Frameworks */,
				BE799DC11471962700CFC615 /* Foundation.framework in Frameworks */,
				BE799DC21471962700CFC615 /* CoreData.framework in Frameworks */,
			);
			runOnlyForDeploymentPostprocessing = 0;
		};
/* End PBXFrameworksBuildPhase section */

/* Begin PBXGroup section */
		BE799D801471962600CFC615 = {
			isa = PBXGroup;
			children = (
				BE799D971471962600CFC615 /* Memegram */,
				BE799DC51471962700CFC615 /* MemegramTests */,
				BEE7A6A91472255F002CB0C0 /* lib */,
				BEE7A6871471F3AB002CB0C0 /* Configurations */,
				BE799D8E1471962600CFC615 /* Frameworks */,
				BE799D8C1471962600CFC615 /* Products */,
			);
			sourceTree = "<group>";
		};
		BE799D8C1471962600CFC615 /* Products */ = {
			isa = PBXGroup;
			children = (
				BE799D8B1471962600CFC615 /* Memegram.app */,
				BE799DBD1471962700CFC615 /* MemegramTests.octest */,
			);
			name = Products;
			sourceTree = "<group>";
		};
		BE799D8E1471962600CFC615 /* Frameworks */ = {
			isa = PBXGroup;
			children = (
				BE799D8F1471962600CFC615 /* UIKit.framework */,
				BE799D911471962600CFC615 /* Foundation.framework */,
				BE799D931471962600CFC615 /* CoreGraphics.framework */,
				BE799D951471962600CFC615 /* CoreData.framework */,
				BE799DBE1471962700CFC615 /* SenTestingKit.framework */,
			);
			name = Frameworks;
			sourceTree = "<group>";
		};
		BE799D971471962600CFC615 /* Memegram */ = {
			isa = PBXGroup;
			children = (
				BEE7A6901472061B002CB0C0 /* Your Memegrams */,
				BEE7A68F1472057E002CB0C0 /* Instagram Feed */,
				BEE7A6471471EB06002CB0C0 /* MemegramAPI */,
				BEE7A6451471EAF2002CB0C0 /* InstagramAPI */,
				BE799DA01471962700CFC615 /* MGAppDelegate.h */,
				BE799DA11471962700CFC615 /* MGAppDelegate.m */,
				BE799DA61471962700CFC615 /* MGMasterViewController.h */,
				BE799DA71471962700CFC615 /* MGMasterViewController.m */,
				BE799DA91471962700CFC615 /* MGDetailViewController.h */,
				BE799DAA1471962700CFC615 /* MGDetailViewController.m */,
				BE799DAC1471962700CFC615 /* MGMasterViewController_iPhone.xib */,
				BE799DAF1471962700CFC615 /* MGMasterViewController_iPad.xib */,
				BE799DB21471962700CFC615 /* MGDetailViewController_iPhone.xib */,
				BE799DB51471962700CFC615 /* MGDetailViewController_iPad.xib */,
				BE799D981471962600CFC615 /* Supporting Files */,
			);
			path = Memegram;
			sourceTree = "<group>";
		};
		BE799D981471962600CFC615 /* Supporting Files */ = {
			isa = PBXGroup;
			children = (
				BE799DA31471962700CFC615 /* Memegram.xcdatamodeld */,
				BE799D991471962600CFC615 /* Memegram-Info.plist */,
				BE799D9A1471962600CFC615 /* InfoPlist.strings */,
				BE799D9D1471962600CFC615 /* main.m */,
				BE799D9F1471962600CFC615 /* Memegram-Prefix.pch */,
			);
			name = "Supporting Files";
			sourceTree = "<group>";
		};
		BE799DC51471962700CFC615 /* MemegramTests */ = {
			isa = PBXGroup;
			children = (
				BE799DCB1471962700CFC615 /* MemegramTests.h */,
				BE799DCC1471962700CFC615 /* MemegramTests.m */,
				BE799DC61471962700CFC615 /* Supporting Files */,
			);
			path = MemegramTests;
			sourceTree = "<group>";
		};
		BE799DC61471962700CFC615 /* Supporting Files */ = {
			isa = PBXGroup;
			children = (
				BE799DC71471962700CFC615 /* MemegramTests-Info.plist */,
				BE799DC81471962700CFC615 /* InfoPlist.strings */,
			);
			name = "Supporting Files";
			sourceTree = "<group>";
		};
		BEE7A6451471EAF2002CB0C0 /* InstagramAPI */ = {
			isa = PBXGroup;
			children = (
				BEE7A693147209DA002CB0C0 /* HTTP */,
				BEE7A6921472090B002CB0C0 /* Models */,
				BEE7A69114720903002CB0C0 /* Auth Flow */,
				BEE7A6481471EB58002CB0C0 /* IGInstagramAPI.h */,
				BEE7A6491471EB58002CB0C0 /* IGInstagramAPI.m */,
			);
			name = InstagramAPI;
			path = ..;
			sourceTree = "<group>";
		};
		BEE7A6471471EB06002CB0C0 /* MemegramAPI */ = {
			isa = PBXGroup;
			children = (
			);
			name = MemegramAPI;
			sourceTree = "<group>";
		};
		BEE7A6871471F3AB002CB0C0 /* Configurations */ = {
			isa = PBXGroup;
			children = (
				BEE7A68A1471F4A1002CB0C0 /* Production.xcconfig */,
				BEE7A6881471F3AB002CB0C0 /* Development.xcconfig */,
			);
			path = Configurations;
			sourceTree = "<group>";
		};
		BEE7A68F1472057E002CB0C0 /* Instagram Feed */ = {
			isa = PBXGroup;
			children = (
			);
			name = "Instagram Feed";
			sourceTree = "<group>";
		};
		BEE7A6901472061B002CB0C0 /* Your Memegrams */ = {
			isa = PBXGroup;
			children = (
			);
			name = "Your Memegrams";
			sourceTree = "<group>";
		};
		BEE7A69114720903002CB0C0 /* Auth Flow */ = {
			isa = PBXGroup;
			children = (
				BEE7A64B1471EBB2002CB0C0 /* IGInstagramAuthController.h */,
				BEE7A64C1471EBB2002CB0C0 /* IGInstagramAuthController.m */,
				BEE7A6A614721638002CB0C0 /* IGAuthDefaultInitialView.h */,
				BEE7A6A714721638002CB0C0 /* IGAuthDefaultInitialView.m */,
			);
			name = "Auth Flow";
			sourceTree = "<group>";
		};
		BEE7A6921472090B002CB0C0 /* Models */ = {
			isa = PBXGroup;
			children = (
				BEE7A68C14720322002CB0C0 /* IGInstagramMedia.h */,
				BEE7A68D14720322002CB0C0 /* IGInstagramMedia.m */,
			);
			name = Models;
			sourceTree = "<group>";
		};
		BEE7A693147209DA002CB0C0 /* HTTP */ = {
			isa = PBXGroup;
			children = (
				BEE7A694147209F6002CB0C0 /* IGConnection.h */,
				BEE7A695147209F6002CB0C0 /* IGConnection.m */,
				BEE7A69714720A3A002CB0C0 /* IGResponse.h */,
				BEE7A69814720A3A002CB0C0 /* IGResponse.m */,
				BEE7A6A214720C8F002CB0C0 /* IGConnectionDelegate.h */,
				BEE7A6A314720C8F002CB0C0 /* IGConnectionDelegate.m */,
			);
			name = HTTP;
			sourceTree = "<group>";
		};
		BEE7A6A91472255F002CB0C0 /* lib */ = {
			isa = PBXGroup;
			children = (
				BEE7A6AA1472255F002CB0C0 /* UIView+WillFleming.h */,
				BEE7A6AB1472255F002CB0C0 /* UIView+WillFleming.m */,
			);
			path = lib;
			sourceTree = "<group>";
		};
/* End PBXGroup section */

/* Begin PBXNativeTarget section */
		BE799D8A1471962600CFC615 /* Memegram */ = {
			isa = PBXNativeTarget;
			buildConfigurationList = BE799DD01471962700CFC615 /* Build configuration list for PBXNativeTarget "Memegram" */;
			buildPhases = (
				BE799D871471962600CFC615 /* Sources */,
				BE799D881471962600CFC615 /* Frameworks */,
				BE799D891471962600CFC615 /* Resources */,
			);
			buildRules = (
			);
			dependencies = (
			);
			name = Memegram;
			productName = Memegram;
			productReference = BE799D8B1471962600CFC615 /* Memegram.app */;
			productType = "com.apple.product-type.application";
		};
		BE799DBC1471962700CFC615 /* MemegramTests */ = {
			isa = PBXNativeTarget;
			buildConfigurationList = BE799DD31471962700CFC615 /* Build configuration list for PBXNativeTarget "MemegramTests" */;
			buildPhases = (
				BE799DB81471962700CFC615 /* Sources */,
				BE799DB91471962700CFC615 /* Frameworks */,
				BE799DBA1471962700CFC615 /* Resources */,
				BE799DBB1471962700CFC615 /* ShellScript */,
			);
			buildRules = (
			);
			dependencies = (
				BE799DC41471962700CFC615 /* PBXTargetDependency */,
			);
			name = MemegramTests;
			productName = MemegramTests;
			productReference = BE799DBD1471962700CFC615 /* MemegramTests.octest */;
			productType = "com.apple.product-type.bundle";
		};
/* End PBXNativeTarget section */

/* Begin PBXProject section */
		BE799D821471962600CFC615 /* Project object */ = {
			isa = PBXProject;
			attributes = {
				LastUpgradeCheck = 0420;
				ORGANIZATIONNAME = "Endeca Technologies";
			};
			buildConfigurationList = BE799D851471962600CFC615 /* Build configuration list for PBXProject "Memegram" */;
			compatibilityVersion = "Xcode 3.2";
			developmentRegion = English;
			hasScannedForEncodings = 0;
			knownRegions = (
				en,
			);
			mainGroup = BE799D801471962600CFC615;
			productRefGroup = BE799D8C1471962600CFC615 /* Products */;
			projectDirPath = "";
			projectRoot = "";
			targets = (
				BE799D8A1471962600CFC615 /* Memegram */,
				BE799DBC1471962700CFC615 /* MemegramTests */,
			);
		};
/* End PBXProject section */

/* Begin PBXResourcesBuildPhase section */
		BE799D891471962600CFC615 /* Resources */ = {
			isa = PBXResourcesBuildPhase;
			buildActionMask = 2147483647;
			files = (
				BE799D9C1471962600CFC615 /* InfoPlist.strings in Resources */,
				BE799DAE1471962700CFC615 /* MGMasterViewController_iPhone.xib in Resources */,
				BE799DB11471962700CFC615 /* MGMasterViewController_iPad.xib in Resources */,
				BE799DB41471962700CFC615 /* MGDetailViewController_iPhone.xib in Resources */,
				BE799DB71471962700CFC615 /* MGDetailViewController_iPad.xib in Resources */,
				BEE7A6891471F3AB002CB0C0 /* Development.xcconfig in Resources */,
				BEE7A68B1471F4A1002CB0C0 /* Production.xcconfig in Resources */,
			);
			runOnlyForDeploymentPostprocessing = 0;
		};
		BE799DBA1471962700CFC615 /* Resources */ = {
			isa = PBXResourcesBuildPhase;
			buildActionMask = 2147483647;
			files = (
				BE799DCA1471962700CFC615 /* InfoPlist.strings in Resources */,
			);
			runOnlyForDeploymentPostprocessing = 0;
		};
/* End PBXResourcesBuildPhase section */

/* Begin PBXShellScriptBuildPhase section */
		BE799DBB1471962700CFC615 /* ShellScript */ = {
			isa = PBXShellScriptBuildPhase;
			buildActionMask = 2147483647;
			files = (
			);
			inputPaths = (
			);
			outputPaths = (
			);
			runOnlyForDeploymentPostprocessing = 0;
			shellPath = /bin/sh;
			shellScript = "# Run the unit tests in this test bundle.\n\"${SYSTEM_DEVELOPER_DIR}/Tools/RunUnitTests\"\n";
		};
/* End PBXShellScriptBuildPhase section */

/* Begin PBXSourcesBuildPhase section */
		BE799D871471962600CFC615 /* Sources */ = {
			isa = PBXSourcesBuildPhase;
			buildActionMask = 2147483647;
			files = (
				BE799D9E1471962600CFC615 /* main.m in Sources */,
				BE799DA21471962700CFC615 /* MGAppDelegate.m in Sources */,
				BE799DA51471962700CFC615 /* Memegram.xcdatamodeld in Sources */,
				BE799DA81471962700CFC615 /* MGMasterViewController.m in Sources */,
				BE799DAB1471962700CFC615 /* MGDetailViewController.m in Sources */,
				BEE7A64A1471EB58002CB0C0 /* IGInstagramAPI.m in Sources */,
				BEE7A64D1471EBB2002CB0C0 /* IGInstagramAuthController.m in Sources */,
				BEE7A68E14720322002CB0C0 /* IGInstagramMedia.m in Sources */,
				BEE7A696147209F6002CB0C0 /* IGConnection.m in Sources */,
				BEE7A69914720A3A002CB0C0 /* IGResponse.m in Sources */,
				BEE7A6A414720C8F002CB0C0 /* IGConnectionDelegate.m in Sources */,
				BEE7A6A814721639002CB0C0 /* IGAuthDefaultInitialView.m in Sources */,
				BEE7A6AC1472255F002CB0C0 /* UIView+WillFleming.m in Sources */,
			);
			runOnlyForDeploymentPostprocessing = 0;
		};
		BE799DB81471962700CFC615 /* Sources */ = {
			isa = PBXSourcesBuildPhase;
			buildActionMask = 2147483647;
			files = (
				BE799DCD1471962700CFC615 /* MemegramTests.m in Sources */,
			);
			runOnlyForDeploymentPostprocessing = 0;
		};
/* End PBXSourcesBuildPhase section */

/* Begin PBXTargetDependency section */
		BE799DC41471962700CFC615 /* PBXTargetDependency */ = {
			isa = PBXTargetDependency;
			target = BE799D8A1471962600CFC615 /* Memegram */;
			targetProxy = BE799DC31471962700CFC615 /* PBXContainerItemProxy */;
		};
/* End PBXTargetDependency section */

/* Begin PBXVariantGroup section */
		BE799D9A1471962600CFC615 /* InfoPlist.strings */ = {
			isa = PBXVariantGroup;
			children = (
				BE799D9B1471962600CFC615 /* en */,
			);
			name = InfoPlist.strings;
			sourceTree = "<group>";
		};
		BE799DAC1471962700CFC615 /* MGMasterViewController_iPhone.xib */ = {
			isa = PBXVariantGroup;
			children = (
				BE799DAD1471962700CFC615 /* en */,
			);
			name = MGMasterViewController_iPhone.xib;
			sourceTree = "<group>";
		};
		BE799DAF1471962700CFC615 /* MGMasterViewController_iPad.xib */ = {
			isa = PBXVariantGroup;
			children = (
				BE799DB01471962700CFC615 /* en */,
			);
			name = MGMasterViewController_iPad.xib;
			sourceTree = "<group>";
		};
		BE799DB21471962700CFC615 /* MGDetailViewController_iPhone.xib */ = {
			isa = PBXVariantGroup;
			children = (
				BE799DB31471962700CFC615 /* en */,
			);
			name = MGDetailViewController_iPhone.xib;
			sourceTree = "<group>";
		};
		BE799DB51471962700CFC615 /* MGDetailViewController_iPad.xib */ = {
			isa = PBXVariantGroup;
			children = (
				BE799DB61471962700CFC615 /* en */,
			);
			name = MGDetailViewController_iPad.xib;
			sourceTree = "<group>";
		};
		BE799DC81471962700CFC615 /* InfoPlist.strings */ = {
			isa = PBXVariantGroup;
			children = (
				BE799DC91471962700CFC615 /* en */,
			);
			name = InfoPlist.strings;
			sourceTree = "<group>";
		};
/* End PBXVariantGroup section */

/* Begin XCBuildConfiguration section */
		BE799DCE1471962700CFC615 /* Debug */ = {
			isa = XCBuildConfiguration;
			baseConfigurationReference = BEE7A6881471F3AB002CB0C0 /* Development.xcconfig */;
			buildSettings = {
				ALWAYS_SEARCH_USER_PATHS = NO;
				ARCHS = "$(ARCHS_STANDARD_32_BIT)";
				CLANG_ENABLE_OBJC_ARC = YES;
				"CODE_SIGN_IDENTITY[sdk=iphoneos*]" = "iPhone Developer";
				COPY_PHASE_STRIP = NO;
				GCC_C_LANGUAGE_STANDARD = gnu99;
				GCC_DYNAMIC_NO_PIC = NO;
				GCC_OPTIMIZATION_LEVEL = 0;
				GCC_PREPROCESSOR_DEFINITIONS = (
					"DEBUG=1",
					"$(inherited)",
				);
				GCC_SYMBOLS_PRIVATE_EXTERN = NO;
				GCC_VERSION = com.apple.compilers.llvm.clang.1_0;
				GCC_WARN_ABOUT_MISSING_PROTOTYPES = YES;
				GCC_WARN_ABOUT_RETURN_TYPE = YES;
				GCC_WARN_UNUSED_VARIABLE = YES;
				IPHONEOS_DEPLOYMENT_TARGET = 5.0;
				SDKROOT = iphoneos;
				TARGETED_DEVICE_FAMILY = "1,2";
			};
			name = Debug;
		};
		BE799DCF1471962700CFC615 /* Release */ = {
			isa = XCBuildConfiguration;
			baseConfigurationReference = BEE7A6881471F3AB002CB0C0 /* Development.xcconfig */;
			buildSettings = {
				ALWAYS_SEARCH_USER_PATHS = NO;
				ARCHS = "$(ARCHS_STANDARD_32_BIT)";
				CLANG_ENABLE_OBJC_ARC = YES;
				"CODE_SIGN_IDENTITY[sdk=iphoneos*]" = "iPhone Developer";
				COPY_PHASE_STRIP = YES;
				GCC_C_LANGUAGE_STANDARD = gnu99;
				GCC_VERSION = com.apple.compilers.llvm.clang.1_0;
				GCC_WARN_ABOUT_MISSING_PROTOTYPES = YES;
				GCC_WARN_ABOUT_RETURN_TYPE = YES;
				GCC_WARN_UNUSED_VARIABLE = YES;
				IPHONEOS_DEPLOYMENT_TARGET = 5.0;
				OTHER_CFLAGS = "-DNS_BLOCK_ASSERTIONS=1";
				SDKROOT = iphoneos;
				TARGETED_DEVICE_FAMILY = "1,2";
				VALIDATE_PRODUCT = YES;
			};
			name = Release;
		};
		BE799DD11471962700CFC615 /* Debug */ = {
			isa = XCBuildConfiguration;
			baseConfigurationReference = BEE7A6881471F3AB002CB0C0 /* Development.xcconfig */;
			buildSettings = {
				GCC_PRECOMPILE_PREFIX_HEADER = YES;
				GCC_PREFIX_HEADER = "Memegram/Memegram-Prefix.pch";
				INFOPLIST_FILE = "Memegram/Memegram-Info.plist";
				PRODUCT_NAME = "$(TARGET_NAME)";
				WRAPPER_EXTENSION = app;
			};
			name = Debug;
		};
		BE799DD21471962700CFC615 /* Release */ = {
			isa = XCBuildConfiguration;
			baseConfigurationReference = BEE7A6881471F3AB002CB0C0 /* Development.xcconfig */;
			buildSettings = {
				GCC_PRECOMPILE_PREFIX_HEADER = YES;
				GCC_PREFIX_HEADER = "Memegram/Memegram-Prefix.pch";
				INFOPLIST_FILE = "Memegram/Memegram-Info.plist";
				PRODUCT_NAME = "$(TARGET_NAME)";
				WRAPPER_EXTENSION = app;
			};
			name = Release;
		};
		BE799DD41471962700CFC615 /* Debug */ = {
			isa = XCBuildConfiguration;
			baseConfigurationReference = BEE7A6881471F3AB002CB0C0 /* Development.xcconfig */;
			buildSettings = {
				BUNDLE_LOADER = "$(BUILT_PRODUCTS_DIR)/Memegram.app/Memegram";
				FRAMEWORK_SEARCH_PATHS = (
					"$(SDKROOT)/Developer/Library/Frameworks",
					"$(DEVELOPER_LIBRARY_DIR)/Frameworks",
				);
				GCC_PRECOMPILE_PREFIX_HEADER = YES;
				GCC_PREFIX_HEADER = "Memegram/Memegram-Prefix.pch";
				INFOPLIST_FILE = "MemegramTests/MemegramTests-Info.plist";
				PRODUCT_NAME = "$(TARGET_NAME)";
				TEST_HOST = "$(BUNDLE_LOADER)";
				WRAPPER_EXTENSION = octest;
			};
			name = Debug;
		};
		BE799DD51471962700CFC615 /* Release */ = {
			isa = XCBuildConfiguration;
			baseConfigurationReference = BEE7A6881471F3AB002CB0C0 /* Development.xcconfig */;
			buildSettings = {
				BUNDLE_LOADER = "$(BUILT_PRODUCTS_DIR)/Memegram.app/Memegram";
				FRAMEWORK_SEARCH_PATHS = (
					"$(SDKROOT)/Developer/Library/Frameworks",
					"$(DEVELOPER_LIBRARY_DIR)/Frameworks",
				);
				GCC_PRECOMPILE_PREFIX_HEADER = YES;
				GCC_PREFIX_HEADER = "Memegram/Memegram-Prefix.pch";
				INFOPLIST_FILE = "MemegramTests/MemegramTests-Info.plist";
				PRODUCT_NAME = "$(TARGET_NAME)";
				TEST_HOST = "$(BUNDLE_LOADER)";
				WRAPPER_EXTENSION = octest;
			};
			name = Release;
		};
/* End XCBuildConfiguration section */

/* Begin XCConfigurationList section */
		BE799D851471962600CFC615 /* Build configuration list for PBXProject "Memegram" */ = {
			isa = XCConfigurationList;
			buildConfigurations = (
				BE799DCE1471962700CFC615 /* Debug */,
				BE799DCF1471962700CFC615 /* Release */,
			);
			defaultConfigurationIsVisible = 0;
			defaultConfigurationName = Release;
		};
		BE799DD01471962700CFC615 /* Build configuration list for PBXNativeTarget "Memegram" */ = {
			isa = XCConfigurationList;
			buildConfigurations = (
				BE799DD11471962700CFC615 /* Debug */,
				BE799DD21471962700CFC615 /* Release */,
			);
			defaultConfigurationIsVisible = 0;
			defaultConfigurationName = Release;
		};
		BE799DD31471962700CFC615 /* Build configuration list for PBXNativeTarget "MemegramTests" */ = {
			isa = XCConfigurationList;
			buildConfigurations = (
				BE799DD41471962700CFC615 /* Debug */,
				BE799DD51471962700CFC615 /* Release */,
			);
			defaultConfigurationIsVisible = 0;
			defaultConfigurationName = Release;
		};
/* End XCConfigurationList section */

/* Begin XCVersionGroup section */
		BE799DA31471962700CFC615 /* Memegram.xcdatamodeld */ = {
			isa = XCVersionGroup;
			children = (
				BE799DA41471962700CFC615 /* Memegram.xcdatamodel */,
			);
			currentVersion = BE799DA41471962700CFC615 /* Memegram.xcdatamodel */;
			path = Memegram.xcdatamodeld;
			sourceTree = "<group>";
			versionGroupType = wrapper.xcdatamodel;
		};
/* End XCVersionGroup section */
	};
	rootObject = BE799D821471962600CFC615 /* Project object */;
}
