// !$*UTF8*$!
{
	archiveVersion = 1;
	classes = {
	};
	objectVersion = 46;
	objects = {

/* Begin PBXBuildFile section */
		BE26F087147418E200192403 /* NSString+WillFleming.m in Sources */ = {isa = PBXBuildFile; fileRef = BE26F086147418E200192403 /* NSString+WillFleming.m */; };
		BE26F08A1474266B00192403 /* NSURL+WillFleming.m in Sources */ = {isa = PBXBuildFile; fileRef = BE26F0891474266B00192403 /* NSURL+WillFleming.m */; };
		BE26F08D14742C1400192403 /* IGInstagramUser.m in Sources */ = {isa = PBXBuildFile; fileRef = BE26F08C14742C1400192403 /* IGInstagramUser.m */; };
		BE26F09014742F8F00192403 /* IGDefaultSerializer.m in Sources */ = {isa = PBXBuildFile; fileRef = BE26F08F14742F8F00192403 /* IGDefaultSerializer.m */; };
		BE26F0A8147430D900192403 /* CDataScanner.m in Sources */ = {isa = PBXBuildFile; fileRef = BE26F093147430D900192403 /* CDataScanner.m */; };
		BE26F0A9147430D900192403 /* CFilteringJSONSerializer.m in Sources */ = {isa = PBXBuildFile; fileRef = BE26F096147430D900192403 /* CFilteringJSONSerializer.m */; };
		BE26F0AA147430D900192403 /* CJSONSerialization.m in Sources */ = {isa = PBXBuildFile; fileRef = BE26F098147430D900192403 /* CJSONSerialization.m */; };
		BE26F0AB147430D900192403 /* CJSONSerializedData.m in Sources */ = {isa = PBXBuildFile; fileRef = BE26F09A147430D900192403 /* CJSONSerializedData.m */; };
		BE26F0AC147430D900192403 /* CDataScanner_Extensions.m in Sources */ = {isa = PBXBuildFile; fileRef = BE26F09D147430D900192403 /* CDataScanner_Extensions.m */; };
		BE26F0AD147430D900192403 /* NSDictionary_JSONExtensions.m in Sources */ = {isa = PBXBuildFile; fileRef = BE26F09F147430D900192403 /* NSDictionary_JSONExtensions.m */; };
		BE26F0AE147430D900192403 /* CJSONDeserializer.m in Sources */ = {isa = PBXBuildFile; fileRef = BE26F0A2147430D900192403 /* CJSONDeserializer.m */; };
		BE26F0AF147430D900192403 /* CJSONScanner.m in Sources */ = {isa = PBXBuildFile; fileRef = BE26F0A4147430D900192403 /* CJSONScanner.m */; };
		BE26F0B0147430D900192403 /* CJSONSerializer.m in Sources */ = {isa = PBXBuildFile; fileRef = BE26F0A6147430D900192403 /* CJSONSerializer.m */; };
		BE26F0B214744BB500192403 /* IGInstagramFunctions.m in Sources */ = {isa = PBXBuildFile; fileRef = BE26F0B114744BB500192403 /* IGInstagramFunctions.m */; };
		BE26F0C4147459E200192403 /* StatusCenter.m in Sources */ = {isa = PBXBuildFile; fileRef = BE26F0C3147459E200192403 /* StatusCenter.m */; };
		BE26F0C914745A7D00192403 /* StatusItem.m in Sources */ = {isa = PBXBuildFile; fileRef = BE26F0C814745A7D00192403 /* StatusItem.m */; };
		BE26F0CC14745B4600192403 /* InstagramMediaDataSource.m in Sources */ = {isa = PBXBuildFile; fileRef = BE26F0CB14745B4600192403 /* InstagramMediaDataSource.m */; };
		BE26F0D21474774200192403 /* UIViewController+WillFleming.m in Sources */ = {isa = PBXBuildFile; fileRef = BE26F0D11474774200192403 /* UIViewController+WillFleming.m */; };
		BE2DD015147D671400B6C31B /* failure-btn-press.png in Resources */ = {isa = PBXBuildFile; fileRef = BE2DD009147D671400B6C31B /* failure-btn-press.png */; };
		BE2DD016147D671400B6C31B /* failure-btn-press@2x.png in Resources */ = {isa = PBXBuildFile; fileRef = BE2DD00A147D671400B6C31B /* failure-btn-press@2x.png */; };
		BE2DD017147D671400B6C31B /* failure-btn.png in Resources */ = {isa = PBXBuildFile; fileRef = BE2DD00B147D671400B6C31B /* failure-btn.png */; };
		BE2DD018147D671400B6C31B /* failure-btn@2x.png in Resources */ = {isa = PBXBuildFile; fileRef = BE2DD00C147D671400B6C31B /* failure-btn@2x.png */; };
		BE2DD019147D671400B6C31B /* UIUnreadIndicator.png in Resources */ = {isa = PBXBuildFile; fileRef = BE2DD00D147D671400B6C31B /* UIUnreadIndicator.png */; };
		BE2DD01A147D671400B6C31B /* UIUnreadIndicator@2x.png in Resources */ = {isa = PBXBuildFile; fileRef = BE2DD00E147D671400B6C31B /* UIUnreadIndicator@2x.png */; };
		BE2DD01B147D671400B6C31B /* UIUnreadIndicatorPartial.png in Resources */ = {isa = PBXBuildFile; fileRef = BE2DD00F147D671400B6C31B /* UIUnreadIndicatorPartial.png */; };
		BE2DD01C147D671400B6C31B /* UIUnreadIndicatorPartial@2x.png in Resources */ = {isa = PBXBuildFile; fileRef = BE2DD010147D671400B6C31B /* UIUnreadIndicatorPartial@2x.png */; };
		BE2DD01D147D671400B6C31B /* UIUnreadIndicatorPartialPressed.png in Resources */ = {isa = PBXBuildFile; fileRef = BE2DD011147D671400B6C31B /* UIUnreadIndicatorPartialPressed.png */; };
		BE2DD01E147D671400B6C31B /* UIUnreadIndicatorPartialPressed@2x.png in Resources */ = {isa = PBXBuildFile; fileRef = BE2DD012147D671400B6C31B /* UIUnreadIndicatorPartialPressed@2x.png */; };
		BE2DD01F147D671400B6C31B /* UIUnreadIndicatorPressed.png in Resources */ = {isa = PBXBuildFile; fileRef = BE2DD013147D671400B6C31B /* UIUnreadIndicatorPressed.png */; };
		BE2DD020147D671400B6C31B /* UIUnreadIndicatorPressed@2x.png in Resources */ = {isa = PBXBuildFile; fileRef = BE2DD014147D671400B6C31B /* UIUnreadIndicatorPressed@2x.png */; };
		BE76A232147948AE00B722F4 /* GCAlertView.m in Sources */ = {isa = PBXBuildFile; fileRef = BE76A210147948AE00B722F4 /* GCAlertView.m */; settings = {COMPILER_FLAGS = "-fno-objc-arc"; }; };
		BE76A233147948AE00B722F4 /* DDXMLElementAdditions.m in Sources */ = {isa = PBXBuildFile; fileRef = BE76A214147948AE00B722F4 /* DDXMLElementAdditions.m */; settings = {COMPILER_FLAGS = "-fno-objc-arc"; }; };
		BE76A234147948AE00B722F4 /* NSString+DDXML.m in Sources */ = {isa = PBXBuildFile; fileRef = BE76A217147948AE00B722F4 /* NSString+DDXML.m */; settings = {COMPILER_FLAGS = "-fno-objc-arc"; }; };
		BE76A235147948AE00B722F4 /* DDXMLDocument.m in Sources */ = {isa = PBXBuildFile; fileRef = BE76A21A147948AE00B722F4 /* DDXMLDocument.m */; settings = {COMPILER_FLAGS = "-fno-objc-arc"; }; };
		BE76A236147948AE00B722F4 /* DDXMLElement.m in Sources */ = {isa = PBXBuildFile; fileRef = BE76A21C147948AE00B722F4 /* DDXMLElement.m */; settings = {COMPILER_FLAGS = "-fno-objc-arc"; }; };
		BE76A237147948AE00B722F4 /* DDXMLNode.m in Sources */ = {isa = PBXBuildFile; fileRef = BE76A21E147948AE00B722F4 /* DDXMLNode.m */; settings = {COMPILER_FLAGS = "-fno-objc-arc"; }; };
		BE76A238147948AE00B722F4 /* ABNotice.m in Sources */ = {isa = PBXBuildFile; fileRef = BE76A223147948AE00B722F4 /* ABNotice.m */; settings = {COMPILER_FLAGS = "-fno-objc-arc"; }; };
		BE76A239147948AE00B722F4 /* ABNotifier.m in Sources */ = {isa = PBXBuildFile; fileRef = BE76A225147948AE00B722F4 /* ABNotifier.m */; settings = {COMPILER_FLAGS = "-fno-objc-arc"; }; };
		BE76A23A147948AE00B722F4 /* ABNotifierFunctions.m in Sources */ = {isa = PBXBuildFile; fileRef = BE76A228147948AE00B722F4 /* ABNotifierFunctions.m */; settings = {COMPILER_FLAGS = "-fno-objc-arc"; }; };
		BE76A23B147948AE00B722F4 /* HTNotifier.strings in Resources */ = {isa = PBXBuildFile; fileRef = BE76A229147948AE00B722F4 /* HTNotifier.strings */; };
		BE76A23D1479499500B722F4 /* libxml2.dylib in Frameworks */ = {isa = PBXBuildFile; fileRef = BE76A23C1479499500B722F4 /* libxml2.dylib */; };
		BE799D901471962600CFC615 /* UIKit.framework in Frameworks */ = {isa = PBXBuildFile; fileRef = BE799D8F1471962600CFC615 /* UIKit.framework */; };
		BE799D921471962600CFC615 /* Foundation.framework in Frameworks */ = {isa = PBXBuildFile; fileRef = BE799D911471962600CFC615 /* Foundation.framework */; };
		BE799D941471962600CFC615 /* CoreGraphics.framework in Frameworks */ = {isa = PBXBuildFile; fileRef = BE799D931471962600CFC615 /* CoreGraphics.framework */; };
		BE799D961471962600CFC615 /* CoreData.framework in Frameworks */ = {isa = PBXBuildFile; fileRef = BE799D951471962600CFC615 /* CoreData.framework */; };
		BE799D9C1471962600CFC615 /* InfoPlist.strings in Resources */ = {isa = PBXBuildFile; fileRef = BE799D9A1471962600CFC615 /* InfoPlist.strings */; };
		BE799D9E1471962600CFC615 /* main.m in Sources */ = {isa = PBXBuildFile; fileRef = BE799D9D1471962600CFC615 /* main.m */; };
		BE799DA21471962700CFC615 /* MGAppDelegate.m in Sources */ = {isa = PBXBuildFile; fileRef = BE799DA11471962700CFC615 /* MGAppDelegate.m */; };
		BE799DA51471962700CFC615 /* Memegram.xcdatamodeld in Sources */ = {isa = PBXBuildFile; fileRef = BE799DA31471962700CFC615 /* Memegram.xcdatamodeld */; };
		BE799DA81471962700CFC615 /* SelectInstagramMediaController.m in Sources */ = {isa = PBXBuildFile; fileRef = BE799DA71471962700CFC615 /* SelectInstagramMediaController.m */; };
		BE799DBF1471962700CFC615 /* SenTestingKit.framework in Frameworks */ = {isa = PBXBuildFile; fileRef = BE799DBE1471962700CFC615 /* SenTestingKit.framework */; };
		BE799DC01471962700CFC615 /* UIKit.framework in Frameworks */ = {isa = PBXBuildFile; fileRef = BE799D8F1471962600CFC615 /* UIKit.framework */; };
		BE799DC11471962700CFC615 /* Foundation.framework in Frameworks */ = {isa = PBXBuildFile; fileRef = BE799D911471962600CFC615 /* Foundation.framework */; };
		BE799DC21471962700CFC615 /* CoreData.framework in Frameworks */ = {isa = PBXBuildFile; fileRef = BE799D951471962600CFC615 /* CoreData.framework */; };
		BE799DCA1471962700CFC615 /* InfoPlist.strings in Resources */ = {isa = PBXBuildFile; fileRef = BE799DC81471962700CFC615 /* InfoPlist.strings */; };
		BE799DCD1471962700CFC615 /* MemegramTests.m in Sources */ = {isa = PBXBuildFile; fileRef = BE799DCC1471962700CFC615 /* MemegramTests.m */; };
		BE7CFCF41474B97200062002 /* KKGridView.mm in Sources */ = {isa = PBXBuildFile; fileRef = BE7CFCE71474B97200062002 /* KKGridView.mm */; };
		BE7CFCF51474B97200062002 /* KKGridViewCell.m in Sources */ = {isa = PBXBuildFile; fileRef = BE7CFCE91474B97200062002 /* KKGridViewCell.m */; };
		BE7CFCF61474B97200062002 /* KKGridViewController.m in Sources */ = {isa = PBXBuildFile; fileRef = BE7CFCEB1474B97200062002 /* KKGridViewController.m */; };
		BE7CFCF71474B97200062002 /* KKGridViewUpdate.m in Sources */ = {isa = PBXBuildFile; fileRef = BE7CFCED1474B97200062002 /* KKGridViewUpdate.m */; };
		BE7CFCF81474B97200062002 /* KKGridViewUpdateStack.m in Sources */ = {isa = PBXBuildFile; fileRef = BE7CFCEF1474B97200062002 /* KKGridViewUpdateStack.m */; };
		BE7CFCF91474B97200062002 /* KKGridViewViewInfo.m in Sources */ = {isa = PBXBuildFile; fileRef = BE7CFCF11474B97200062002 /* KKGridViewViewInfo.m */; };
		BE7CFCFA1474B97200062002 /* KKIndexPath.m in Sources */ = {isa = PBXBuildFile; fileRef = BE7CFCF31474B97200062002 /* KKIndexPath.m */; };
		BE7CFCFE1474C1D300062002 /* CreateMemegramController.m in Sources */ = {isa = PBXBuildFile; fileRef = BE7CFCFD1474C1D300062002 /* CreateMemegramController.m */; };
		BE7CFD021475938300062002 /* CreateMemegramView.m in Sources */ = {isa = PBXBuildFile; fileRef = BE7CFD011475938300062002 /* CreateMemegramView.m */; };
		BE7CFD051475940200062002 /* MemegramTextView.m in Sources */ = {isa = PBXBuildFile; fileRef = BE7CFD041475940200062002 /* MemegramTextView.m */; };
		BE7CFD081475A3BE00062002 /* UIToolbar+WillFleming.m in Sources */ = {isa = PBXBuildFile; fileRef = BE7CFD071475A3BE00062002 /* UIToolbar+WillFleming.m */; };
		BE7CFD0B1475A84C00062002 /* TextViewInputAccessory.m in Sources */ = {isa = PBXBuildFile; fileRef = BE7CFD0A1475A84B00062002 /* TextViewInputAccessory.m */; };
		BE7CFD0E1475A91000062002 /* MemegramTextViewDelegate.m in Sources */ = {isa = PBXBuildFile; fileRef = BE7CFD0D1475A91000062002 /* MemegramTextViewDelegate.m */; };
		BE7CFD52147600C300062002 /* BaseModel.m in Sources */ = {isa = PBXBuildFile; fileRef = BE7CFD51147600C300062002 /* BaseModel.m */; };
		BE7CFD561476020F00062002 /* Memegram.m in Sources */ = {isa = PBXBuildFile; fileRef = BE7CFD551476020F00062002 /* Memegram.m */; };
		BE7CFD5C147608F200062002 /* ImageToDataTransformer.m in Sources */ = {isa = PBXBuildFile; fileRef = BE7CFD5B147608F200062002 /* ImageToDataTransformer.m */; };
		BE7CFD6314760BCF00062002 /* FinishMemegramController.m in Sources */ = {isa = PBXBuildFile; fileRef = BE7CFD6214760BCF00062002 /* FinishMemegramController.m */; };
		BE7CFD661476124D00062002 /* UITextViewTableCell.m in Sources */ = {isa = PBXBuildFile; fileRef = BE7CFD651476124D00062002 /* UITextViewTableCell.m */; };
		BE7CFD691476128900062002 /* UISwitchTableCell.m in Sources */ = {isa = PBXBuildFile; fileRef = BE7CFD681476128900062002 /* UISwitchTableCell.m */; };
		BE7CFD6B1476D5F900062002 /* QuartzCore.framework in Frameworks */ = {isa = PBXBuildFile; fileRef = BE7CFD6A1476D5F900062002 /* QuartzCore.framework */; };
		BE7CFD6D1476DF3A00062002 /* Twitter.framework in Frameworks */ = {isa = PBXBuildFile; fileRef = BE7CFD6C1476DF3900062002 /* Twitter.framework */; };
		BE7CFD6F1476E1A700062002 /* Accounts.framework in Frameworks */ = {isa = PBXBuildFile; fileRef = BE7CFD6E1476E1A600062002 /* Accounts.framework */; };
		BE7CFD721476E60100062002 /* MGConstants.m in Sources */ = {isa = PBXBuildFile; fileRef = BE7CFD711476E60000062002 /* MGConstants.m */; };
		BE7CFD751476E83100062002 /* MGAccountHelper.m in Sources */ = {isa = PBXBuildFile; fileRef = BE7CFD741476E82F00062002 /* MGAccountHelper.m */; };
		BE7CFD781477025300062002 /* MGUploader.m in Sources */ = {isa = PBXBuildFile; fileRef = BE7CFD771477025000062002 /* MGUploader.m */; };
		BE7CFD7B14770D1700062002 /* MGConnection.m in Sources */ = {isa = PBXBuildFile; fileRef = BE7CFD7A14770D1700062002 /* MGConnection.m */; };
		BE7CFD7E147711A900062002 /* MemegramAPI.m in Sources */ = {isa = PBXBuildFile; fileRef = BE7CFD7D147711A800062002 /* MemegramAPI.m */; };
		BE7CFD84147730B300062002 /* SystemConfiguration.framework in Frameworks */ = {isa = PBXBuildFile; fileRef = BE7CFD83147730B100062002 /* SystemConfiguration.framework */; };
		BE95EEA61478635300452A35 /* YourMemegramsController.m in Sources */ = {isa = PBXBuildFile; fileRef = BE95EEA51478635300452A35 /* YourMemegramsController.m */; };
		BEB4B8481474A6BE0096A563 /* InstagramMediaCell.m in Sources */ = {isa = PBXBuildFile; fileRef = BEB4B8471474A6BE0096A563 /* InstagramMediaCell.m */; };
		BECCAFF0147866CD0036BC16 /* MemegramCell.m in Sources */ = {isa = PBXBuildFile; fileRef = BECCAFEF147866CC0036BC16 /* MemegramCell.m */; };
		BECEA32F1478714700AF315C /* MemegramDetailController.m in Sources */ = {isa = PBXBuildFile; fileRef = BECEA32E1478714700AF315C /* MemegramDetailController.m */; };
		BECEA332147873BA00AF315C /* ImageCell.m in Sources */ = {isa = PBXBuildFile; fileRef = BECEA331147873BA00AF315C /* ImageCell.m */; };
		BEE7A64A1471EB58002CB0C0 /* IGInstagramAPI.m in Sources */ = {isa = PBXBuildFile; fileRef = BEE7A6491471EB58002CB0C0 /* IGInstagramAPI.m */; };
		BEE7A64D1471EBB2002CB0C0 /* IGInstagramAuthController.m in Sources */ = {isa = PBXBuildFile; fileRef = BEE7A64C1471EBB2002CB0C0 /* IGInstagramAuthController.m */; };
		BEE7A6891471F3AB002CB0C0 /* Development.xcconfig in Resources */ = {isa = PBXBuildFile; fileRef = BEE7A6881471F3AB002CB0C0 /* Development.xcconfig */; };
		BEE7A68B1471F4A1002CB0C0 /* Production.xcconfig in Resources */ = {isa = PBXBuildFile; fileRef = BEE7A68A1471F4A1002CB0C0 /* Production.xcconfig */; };
		BEE7A68E14720322002CB0C0 /* IGInstagramMedia.m in Sources */ = {isa = PBXBuildFile; fileRef = BEE7A68D14720322002CB0C0 /* IGInstagramMedia.m */; };
		BEE7A696147209F6002CB0C0 /* IGConnection.m in Sources */ = {isa = PBXBuildFile; fileRef = BEE7A695147209F6002CB0C0 /* IGConnection.m */; };
		BEE7A69914720A3A002CB0C0 /* IGResponse.m in Sources */ = {isa = PBXBuildFile; fileRef = BEE7A69814720A3A002CB0C0 /* IGResponse.m */; };
		BEE7A6A414720C8F002CB0C0 /* IGConnectionDelegate.m in Sources */ = {isa = PBXBuildFile; fileRef = BEE7A6A314720C8F002CB0C0 /* IGConnectionDelegate.m */; };
		BEE7A6A814721639002CB0C0 /* IGAuthDefaultInitialView.m in Sources */ = {isa = PBXBuildFile; fileRef = BEE7A6A714721638002CB0C0 /* IGAuthDefaultInitialView.m */; };
		BEE7A6AC1472255F002CB0C0 /* UIView+WillFleming.m in Sources */ = {isa = PBXBuildFile; fileRef = BEE7A6AB1472255F002CB0C0 /* UIView+WillFleming.m */; };
/* End PBXBuildFile section */

/* Begin PBXContainerItemProxy section */
		BE799DC31471962700CFC615 /* PBXContainerItemProxy */ = {
			isa = PBXContainerItemProxy;
			containerPortal = BE799D821471962600CFC615 /* Project object */;
			proxyType = 1;
			remoteGlobalIDString = BE799D8A1471962600CFC615;
			remoteInfo = Memegram;
		};
/* End PBXContainerItemProxy section */

/* Begin PBXFileReference section */
		BE26F085147418E200192403 /* NSString+WillFleming.h */ = {isa = PBXFileReference; fileEncoding = 4; lastKnownFileType = sourcecode.c.h; path = "NSString+WillFleming.h"; sourceTree = "<group>"; };
		BE26F086147418E200192403 /* NSString+WillFleming.m */ = {isa = PBXFileReference; fileEncoding = 4; lastKnownFileType = sourcecode.c.objc; path = "NSString+WillFleming.m"; sourceTree = "<group>"; };
		BE26F0881474266B00192403 /* NSURL+WillFleming.h */ = {isa = PBXFileReference; fileEncoding = 4; lastKnownFileType = sourcecode.c.h; path = "NSURL+WillFleming.h"; sourceTree = "<group>"; };
		BE26F0891474266B00192403 /* NSURL+WillFleming.m */ = {isa = PBXFileReference; fileEncoding = 4; lastKnownFileType = sourcecode.c.objc; path = "NSURL+WillFleming.m"; sourceTree = "<group>"; };
		BE26F08B14742C1400192403 /* IGInstagramUser.h */ = {isa = PBXFileReference; fileEncoding = 4; lastKnownFileType = sourcecode.c.h; path = IGInstagramUser.h; sourceTree = "<group>"; };
		BE26F08C14742C1400192403 /* IGInstagramUser.m */ = {isa = PBXFileReference; fileEncoding = 4; lastKnownFileType = sourcecode.c.objc; path = IGInstagramUser.m; sourceTree = "<group>"; };
		BE26F08E14742F8F00192403 /* IGDefaultSerializer.h */ = {isa = PBXFileReference; fileEncoding = 4; lastKnownFileType = sourcecode.c.h; path = IGDefaultSerializer.h; sourceTree = "<group>"; };
		BE26F08F14742F8F00192403 /* IGDefaultSerializer.m */ = {isa = PBXFileReference; fileEncoding = 4; lastKnownFileType = sourcecode.c.objc; path = IGDefaultSerializer.m; sourceTree = "<group>"; };
		BE26F092147430D900192403 /* CDataScanner.h */ = {isa = PBXFileReference; fileEncoding = 4; lastKnownFileType = sourcecode.c.h; path = CDataScanner.h; sourceTree = "<group>"; };
		BE26F093147430D900192403 /* CDataScanner.m */ = {isa = PBXFileReference; fileEncoding = 4; lastKnownFileType = sourcecode.c.objc; path = CDataScanner.m; sourceTree = "<group>"; };
		BE26F095147430D900192403 /* CFilteringJSONSerializer.h */ = {isa = PBXFileReference; fileEncoding = 4; lastKnownFileType = sourcecode.c.h; path = CFilteringJSONSerializer.h; sourceTree = "<group>"; };
		BE26F096147430D900192403 /* CFilteringJSONSerializer.m */ = {isa = PBXFileReference; fileEncoding = 4; lastKnownFileType = sourcecode.c.objc; path = CFilteringJSONSerializer.m; sourceTree = "<group>"; };
		BE26F097147430D900192403 /* CJSONSerialization.h */ = {isa = PBXFileReference; fileEncoding = 4; lastKnownFileType = sourcecode.c.h; path = CJSONSerialization.h; sourceTree = "<group>"; };
		BE26F098147430D900192403 /* CJSONSerialization.m */ = {isa = PBXFileReference; fileEncoding = 4; lastKnownFileType = sourcecode.c.objc; path = CJSONSerialization.m; sourceTree = "<group>"; };
		BE26F099147430D900192403 /* CJSONSerializedData.h */ = {isa = PBXFileReference; fileEncoding = 4; lastKnownFileType = sourcecode.c.h; path = CJSONSerializedData.h; sourceTree = "<group>"; };
		BE26F09A147430D900192403 /* CJSONSerializedData.m */ = {isa = PBXFileReference; fileEncoding = 4; lastKnownFileType = sourcecode.c.objc; path = CJSONSerializedData.m; sourceTree = "<group>"; };
		BE26F09C147430D900192403 /* CDataScanner_Extensions.h */ = {isa = PBXFileReference; fileEncoding = 4; lastKnownFileType = sourcecode.c.h; path = CDataScanner_Extensions.h; sourceTree = "<group>"; };
		BE26F09D147430D900192403 /* CDataScanner_Extensions.m */ = {isa = PBXFileReference; fileEncoding = 4; lastKnownFileType = sourcecode.c.objc; path = CDataScanner_Extensions.m; sourceTree = "<group>"; };
		BE26F09E147430D900192403 /* NSDictionary_JSONExtensions.h */ = {isa = PBXFileReference; fileEncoding = 4; lastKnownFileType = sourcecode.c.h; path = NSDictionary_JSONExtensions.h; sourceTree = "<group>"; };
		BE26F09F147430D900192403 /* NSDictionary_JSONExtensions.m */ = {isa = PBXFileReference; fileEncoding = 4; lastKnownFileType = sourcecode.c.objc; path = NSDictionary_JSONExtensions.m; sourceTree = "<group>"; };
		BE26F0A1147430D900192403 /* CJSONDeserializer.h */ = {isa = PBXFileReference; fileEncoding = 4; lastKnownFileType = sourcecode.c.h; path = CJSONDeserializer.h; sourceTree = "<group>"; };
		BE26F0A2147430D900192403 /* CJSONDeserializer.m */ = {isa = PBXFileReference; fileEncoding = 4; lastKnownFileType = sourcecode.c.objc; path = CJSONDeserializer.m; sourceTree = "<group>"; };
		BE26F0A3147430D900192403 /* CJSONScanner.h */ = {isa = PBXFileReference; fileEncoding = 4; lastKnownFileType = sourcecode.c.h; path = CJSONScanner.h; sourceTree = "<group>"; };
		BE26F0A4147430D900192403 /* CJSONScanner.m */ = {isa = PBXFileReference; fileEncoding = 4; lastKnownFileType = sourcecode.c.objc; path = CJSONScanner.m; sourceTree = "<group>"; };
		BE26F0A5147430D900192403 /* CJSONSerializer.h */ = {isa = PBXFileReference; fileEncoding = 4; lastKnownFileType = sourcecode.c.h; path = CJSONSerializer.h; sourceTree = "<group>"; };
		BE26F0A6147430D900192403 /* CJSONSerializer.m */ = {isa = PBXFileReference; fileEncoding = 4; lastKnownFileType = sourcecode.c.objc; path = CJSONSerializer.m; sourceTree = "<group>"; };
		BE26F0A7147430D900192403 /* JSONRepresentation.h */ = {isa = PBXFileReference; fileEncoding = 4; lastKnownFileType = sourcecode.c.h; path = JSONRepresentation.h; sourceTree = "<group>"; };
		BE26F0B114744BB500192403 /* IGInstagramFunctions.m */ = {isa = PBXFileReference; fileEncoding = 4; lastKnownFileType = sourcecode.c.objc; path = IGInstagramFunctions.m; sourceTree = "<group>"; };
		BE26F0B314744BCA00192403 /* IGInstagramFunctions.h */ = {isa = PBXFileReference; fileEncoding = 4; lastKnownFileType = sourcecode.c.h; path = IGInstagramFunctions.h; sourceTree = "<group>"; };
		BE26F0C2147459E200192403 /* StatusCenter.h */ = {isa = PBXFileReference; fileEncoding = 4; lastKnownFileType = sourcecode.c.h; path = StatusCenter.h; sourceTree = "<group>"; };
		BE26F0C3147459E200192403 /* StatusCenter.m */ = {isa = PBXFileReference; fileEncoding = 4; lastKnownFileType = sourcecode.c.objc; path = StatusCenter.m; sourceTree = "<group>"; };
		BE26F0C714745A7D00192403 /* StatusItem.h */ = {isa = PBXFileReference; fileEncoding = 4; lastKnownFileType = sourcecode.c.h; path = StatusItem.h; sourceTree = "<group>"; };
		BE26F0C814745A7D00192403 /* StatusItem.m */ = {isa = PBXFileReference; fileEncoding = 4; lastKnownFileType = sourcecode.c.objc; path = StatusItem.m; sourceTree = "<group>"; };
		BE26F0CA14745B4600192403 /* InstagramMediaDataSource.h */ = {isa = PBXFileReference; fileEncoding = 4; lastKnownFileType = sourcecode.c.h; path = InstagramMediaDataSource.h; sourceTree = "<group>"; };
		BE26F0CB14745B4600192403 /* InstagramMediaDataSource.m */ = {isa = PBXFileReference; fileEncoding = 4; lastKnownFileType = sourcecode.c.objc; path = InstagramMediaDataSource.m; sourceTree = "<group>"; };
		BE26F0D01474774200192403 /* UIViewController+WillFleming.h */ = {isa = PBXFileReference; fileEncoding = 4; lastKnownFileType = sourcecode.c.h; path = "UIViewController+WillFleming.h"; sourceTree = "<group>"; };
		BE26F0D11474774200192403 /* UIViewController+WillFleming.m */ = {isa = PBXFileReference; fileEncoding = 4; lastKnownFileType = sourcecode.c.objc; path = "UIViewController+WillFleming.m"; sourceTree = "<group>"; };
		BE2DD009147D671400B6C31B /* failure-btn-press.png */ = {isa = PBXFileReference; lastKnownFileType = image.png; path = "failure-btn-press.png"; sourceTree = "<group>"; };
		BE2DD00A147D671400B6C31B /* failure-btn-press@2x.png */ = {isa = PBXFileReference; lastKnownFileType = image.png; path = "failure-btn-press@2x.png"; sourceTree = "<group>"; };
		BE2DD00B147D671400B6C31B /* failure-btn.png */ = {isa = PBXFileReference; lastKnownFileType = image.png; path = "failure-btn.png"; sourceTree = "<group>"; };
		BE2DD00C147D671400B6C31B /* failure-btn@2x.png */ = {isa = PBXFileReference; lastKnownFileType = image.png; path = "failure-btn@2x.png"; sourceTree = "<group>"; };
		BE2DD00D147D671400B6C31B /* UIUnreadIndicator.png */ = {isa = PBXFileReference; lastKnownFileType = image.png; path = UIUnreadIndicator.png; sourceTree = "<group>"; };
		BE2DD00E147D671400B6C31B /* UIUnreadIndicator@2x.png */ = {isa = PBXFileReference; lastKnownFileType = image.png; path = "UIUnreadIndicator@2x.png"; sourceTree = "<group>"; };
		BE2DD00F147D671400B6C31B /* UIUnreadIndicatorPartial.png */ = {isa = PBXFileReference; lastKnownFileType = image.png; path = UIUnreadIndicatorPartial.png; sourceTree = "<group>"; };
		BE2DD010147D671400B6C31B /* UIUnreadIndicatorPartial@2x.png */ = {isa = PBXFileReference; lastKnownFileType = image.png; path = "UIUnreadIndicatorPartial@2x.png"; sourceTree = "<group>"; };
		BE2DD011147D671400B6C31B /* UIUnreadIndicatorPartialPressed.png */ = {isa = PBXFileReference; lastKnownFileType = image.png; path = UIUnreadIndicatorPartialPressed.png; sourceTree = "<group>"; };
		BE2DD012147D671400B6C31B /* UIUnreadIndicatorPartialPressed@2x.png */ = {isa = PBXFileReference; lastKnownFileType = image.png; path = "UIUnreadIndicatorPartialPressed@2x.png"; sourceTree = "<group>"; };
		BE2DD013147D671400B6C31B /* UIUnreadIndicatorPressed.png */ = {isa = PBXFileReference; lastKnownFileType = image.png; path = UIUnreadIndicatorPressed.png; sourceTree = "<group>"; };
		BE2DD014147D671400B6C31B /* UIUnreadIndicatorPressed@2x.png */ = {isa = PBXFileReference; lastKnownFileType = image.png; path = "UIUnreadIndicatorPressed@2x.png"; sourceTree = "<group>"; };
		BE76A20F147948AE00B722F4 /* GCAlertView.h */ = {isa = PBXFileReference; fileEncoding = 4; lastKnownFileType = sourcecode.c.h; path = GCAlertView.h; sourceTree = "<group>"; };
		BE76A210147948AE00B722F4 /* GCAlertView.m */ = {isa = PBXFileReference; fileEncoding = 4; lastKnownFileType = sourcecode.c.objc; path = GCAlertView.m; sourceTree = "<group>"; };
		BE76A213147948AE00B722F4 /* DDXMLElementAdditions.h */ = {isa = PBXFileReference; fileEncoding = 4; lastKnownFileType = sourcecode.c.h; path = DDXMLElementAdditions.h; sourceTree = "<group>"; };
		BE76A214147948AE00B722F4 /* DDXMLElementAdditions.m */ = {isa = PBXFileReference; fileEncoding = 4; lastKnownFileType = sourcecode.c.objc; path = DDXMLElementAdditions.m; sourceTree = "<group>"; };
		BE76A216147948AE00B722F4 /* NSString+DDXML.h */ = {isa = PBXFileReference; fileEncoding = 4; lastKnownFileType = sourcecode.c.h; path = "NSString+DDXML.h"; sourceTree = "<group>"; };
		BE76A217147948AE00B722F4 /* NSString+DDXML.m */ = {isa = PBXFileReference; fileEncoding = 4; lastKnownFileType = sourcecode.c.objc; path = "NSString+DDXML.m"; sourceTree = "<group>"; };
		BE76A218147948AE00B722F4 /* DDXML.h */ = {isa = PBXFileReference; fileEncoding = 4; lastKnownFileType = sourcecode.c.h; path = DDXML.h; sourceTree = "<group>"; };
		BE76A219147948AE00B722F4 /* DDXMLDocument.h */ = {isa = PBXFileReference; fileEncoding = 4; lastKnownFileType = sourcecode.c.h; path = DDXMLDocument.h; sourceTree = "<group>"; };
		BE76A21A147948AE00B722F4 /* DDXMLDocument.m */ = {isa = PBXFileReference; fileEncoding = 4; lastKnownFileType = sourcecode.c.objc; path = DDXMLDocument.m; sourceTree = "<group>"; };
		BE76A21B147948AE00B722F4 /* DDXMLElement.h */ = {isa = PBXFileReference; fileEncoding = 4; lastKnownFileType = sourcecode.c.h; path = DDXMLElement.h; sourceTree = "<group>"; };
		BE76A21C147948AE00B722F4 /* DDXMLElement.m */ = {isa = PBXFileReference; fileEncoding = 4; lastKnownFileType = sourcecode.c.objc; path = DDXMLElement.m; sourceTree = "<group>"; };
		BE76A21D147948AE00B722F4 /* DDXMLNode.h */ = {isa = PBXFileReference; fileEncoding = 4; lastKnownFileType = sourcecode.c.h; path = DDXMLNode.h; sourceTree = "<group>"; };
		BE76A21E147948AE00B722F4 /* DDXMLNode.m */ = {isa = PBXFileReference; fileEncoding = 4; lastKnownFileType = sourcecode.c.objc; path = DDXMLNode.m; sourceTree = "<group>"; };
		BE76A220147948AE00B722F4 /* DDXMLPrivate.h */ = {isa = PBXFileReference; fileEncoding = 4; lastKnownFileType = sourcecode.c.h; path = DDXMLPrivate.h; sourceTree = "<group>"; };
		BE76A222147948AE00B722F4 /* ABNotice.h */ = {isa = PBXFileReference; fileEncoding = 4; lastKnownFileType = sourcecode.c.h; path = ABNotice.h; sourceTree = "<group>"; };
		BE76A223147948AE00B722F4 /* ABNotice.m */ = {isa = PBXFileReference; fileEncoding = 4; lastKnownFileType = sourcecode.c.objc; path = ABNotice.m; sourceTree = "<group>"; };
		BE76A224147948AE00B722F4 /* ABNotifier.h */ = {isa = PBXFileReference; fileEncoding = 4; lastKnownFileType = sourcecode.c.h; path = ABNotifier.h; sourceTree = "<group>"; };
		BE76A225147948AE00B722F4 /* ABNotifier.m */ = {isa = PBXFileReference; fileEncoding = 4; lastKnownFileType = sourcecode.c.objc; path = ABNotifier.m; sourceTree = "<group>"; };
		BE76A226147948AE00B722F4 /* ABNotifierDelegate.h */ = {isa = PBXFileReference; fileEncoding = 4; lastKnownFileType = sourcecode.c.h; path = ABNotifierDelegate.h; sourceTree = "<group>"; };
		BE76A227147948AE00B722F4 /* ABNotifierFunctions.h */ = {isa = PBXFileReference; fileEncoding = 4; lastKnownFileType = sourcecode.c.h; path = ABNotifierFunctions.h; sourceTree = "<group>"; };
		BE76A228147948AE00B722F4 /* ABNotifierFunctions.m */ = {isa = PBXFileReference; fileEncoding = 4; lastKnownFileType = sourcecode.c.objc; path = ABNotifierFunctions.m; sourceTree = "<group>"; };
		BE76A22A147948AE00B722F4 /* de */ = {isa = PBXFileReference; lastKnownFileType = text.plist.strings; name = de; path = de.lproj/HTNotifier.strings; sourceTree = "<group>"; };
		BE76A22B147948AE00B722F4 /* en */ = {isa = PBXFileReference; lastKnownFileType = text.plist.strings; name = en; path = en.lproj/HTNotifier.strings; sourceTree = "<group>"; };
		BE76A22C147948AE00B722F4 /* es */ = {isa = PBXFileReference; lastKnownFileType = text.plist.strings; name = es; path = es.lproj/HTNotifier.strings; sourceTree = "<group>"; };
		BE76A22D147948AE00B722F4 /* fr */ = {isa = PBXFileReference; lastKnownFileType = text.plist.strings; name = fr; path = fr.lproj/HTNotifier.strings; sourceTree = "<group>"; };
		BE76A22E147948AE00B722F4 /* nl */ = {isa = PBXFileReference; lastKnownFileType = text.plist.strings; name = nl; path = nl.lproj/HTNotifier.strings; sourceTree = "<group>"; };
		BE76A22F147948AE00B722F4 /* ro */ = {isa = PBXFileReference; lastKnownFileType = text.plist.strings; name = ro; path = ro.lproj/HTNotifier.strings; sourceTree = "<group>"; };
		BE76A230147948AE00B722F4 /* ru */ = {isa = PBXFileReference; lastKnownFileType = text.plist.strings; name = ru; path = ru.lproj/HTNotifier.strings; sourceTree = "<group>"; };
		BE76A231147948AE00B722F4 /* zh-Hant */ = {isa = PBXFileReference; lastKnownFileType = text.plist.strings; name = "zh-Hant"; path = "zh-Hant.lproj/HTNotifier.strings"; sourceTree = "<group>"; };
		BE76A23C1479499500B722F4 /* libxml2.dylib */ = {isa = PBXFileReference; lastKnownFileType = "compiled.mach-o.dylib"; name = libxml2.dylib; path = usr/lib/libxml2.dylib; sourceTree = SDKROOT; };
		BE799D8B1471962600CFC615 /* Memegram.app */ = {isa = PBXFileReference; explicitFileType = wrapper.application; includeInIndex = 0; path = Memegram.app; sourceTree = BUILT_PRODUCTS_DIR; };
		BE799D8F1471962600CFC615 /* UIKit.framework */ = {isa = PBXFileReference; lastKnownFileType = wrapper.framework; name = UIKit.framework; path = System/Library/Frameworks/UIKit.framework; sourceTree = SDKROOT; };
		BE799D911471962600CFC615 /* Foundation.framework */ = {isa = PBXFileReference; lastKnownFileType = wrapper.framework; name = Foundation.framework; path = System/Library/Frameworks/Foundation.framework; sourceTree = SDKROOT; };
		BE799D931471962600CFC615 /* CoreGraphics.framework */ = {isa = PBXFileReference; lastKnownFileType = wrapper.framework; name = CoreGraphics.framework; path = System/Library/Frameworks/CoreGraphics.framework; sourceTree = SDKROOT; };
		BE799D951471962600CFC615 /* CoreData.framework */ = {isa = PBXFileReference; lastKnownFileType = wrapper.framework; name = CoreData.framework; path = System/Library/Frameworks/CoreData.framework; sourceTree = SDKROOT; };
		BE799D991471962600CFC615 /* Memegram-Info.plist */ = {isa = PBXFileReference; lastKnownFileType = text.plist.xml; path = "Memegram-Info.plist"; sourceTree = "<group>"; };
		BE799D9B1471962600CFC615 /* en */ = {isa = PBXFileReference; lastKnownFileType = text.plist.strings; name = en; path = en.lproj/InfoPlist.strings; sourceTree = "<group>"; };
		BE799D9D1471962600CFC615 /* main.m */ = {isa = PBXFileReference; lastKnownFileType = sourcecode.c.objc; path = main.m; sourceTree = "<group>"; };
		BE799D9F1471962600CFC615 /* Memegram-Prefix.pch */ = {isa = PBXFileReference; lastKnownFileType = sourcecode.c.h; path = "Memegram-Prefix.pch"; sourceTree = "<group>"; };
		BE799DA01471962700CFC615 /* MGAppDelegate.h */ = {isa = PBXFileReference; lastKnownFileType = sourcecode.c.h; path = MGAppDelegate.h; sourceTree = "<group>"; };
		BE799DA11471962700CFC615 /* MGAppDelegate.m */ = {isa = PBXFileReference; lastKnownFileType = sourcecode.c.objc; path = MGAppDelegate.m; sourceTree = "<group>"; };
		BE799DA41471962700CFC615 /* Memegram.xcdatamodel */ = {isa = PBXFileReference; lastKnownFileType = wrapper.xcdatamodel; path = Memegram.xcdatamodel; sourceTree = "<group>"; };
		BE799DA61471962700CFC615 /* SelectInstagramMediaController.h */ = {isa = PBXFileReference; lastKnownFileType = sourcecode.c.h; path = SelectInstagramMediaController.h; sourceTree = "<group>"; };
		BE799DA71471962700CFC615 /* SelectInstagramMediaController.m */ = {isa = PBXFileReference; lastKnownFileType = sourcecode.c.objc; path = SelectInstagramMediaController.m; sourceTree = "<group>"; };
		BE799DBD1471962700CFC615 /* MemegramTests.octest */ = {isa = PBXFileReference; explicitFileType = wrapper.cfbundle; includeInIndex = 0; path = MemegramTests.octest; sourceTree = BUILT_PRODUCTS_DIR; };
		BE799DBE1471962700CFC615 /* SenTestingKit.framework */ = {isa = PBXFileReference; lastKnownFileType = wrapper.framework; name = SenTestingKit.framework; path = Library/Frameworks/SenTestingKit.framework; sourceTree = DEVELOPER_DIR; };
		BE799DC71471962700CFC615 /* MemegramTests-Info.plist */ = {isa = PBXFileReference; lastKnownFileType = text.plist.xml; path = "MemegramTests-Info.plist"; sourceTree = "<group>"; };
		BE799DC91471962700CFC615 /* en */ = {isa = PBXFileReference; lastKnownFileType = text.plist.strings; name = en; path = en.lproj/InfoPlist.strings; sourceTree = "<group>"; };
		BE799DCB1471962700CFC615 /* MemegramTests.h */ = {isa = PBXFileReference; lastKnownFileType = sourcecode.c.h; path = MemegramTests.h; sourceTree = "<group>"; };
		BE799DCC1471962700CFC615 /* MemegramTests.m */ = {isa = PBXFileReference; lastKnownFileType = sourcecode.c.objc; path = MemegramTests.m; sourceTree = "<group>"; };
		BE7CFCE41474B97200062002 /* KKGridViewDefinitions.h */ = {isa = PBXFileReference; fileEncoding = 4; lastKnownFileType = sourcecode.c.h; path = KKGridViewDefinitions.h; sourceTree = "<group>"; };
		BE7CFCE61474B97200062002 /* KKGridView.h */ = {isa = PBXFileReference; fileEncoding = 4; lastKnownFileType = sourcecode.c.h; path = KKGridView.h; sourceTree = "<group>"; };
		BE7CFCE71474B97200062002 /* KKGridView.mm */ = {isa = PBXFileReference; fileEncoding = 4; lastKnownFileType = sourcecode.cpp.objcpp; path = KKGridView.mm; sourceTree = "<group>"; };
		BE7CFCE81474B97200062002 /* KKGridViewCell.h */ = {isa = PBXFileReference; fileEncoding = 4; lastKnownFileType = sourcecode.c.h; path = KKGridViewCell.h; sourceTree = "<group>"; };
		BE7CFCE91474B97200062002 /* KKGridViewCell.m */ = {isa = PBXFileReference; fileEncoding = 4; lastKnownFileType = sourcecode.c.objc; path = KKGridViewCell.m; sourceTree = "<group>"; };
		BE7CFCEA1474B97200062002 /* KKGridViewController.h */ = {isa = PBXFileReference; fileEncoding = 4; lastKnownFileType = sourcecode.c.h; path = KKGridViewController.h; sourceTree = "<group>"; };
		BE7CFCEB1474B97200062002 /* KKGridViewController.m */ = {isa = PBXFileReference; fileEncoding = 4; lastKnownFileType = sourcecode.c.objc; path = KKGridViewController.m; sourceTree = "<group>"; };
		BE7CFCEC1474B97200062002 /* KKGridViewUpdate.h */ = {isa = PBXFileReference; fileEncoding = 4; lastKnownFileType = sourcecode.c.h; path = KKGridViewUpdate.h; sourceTree = "<group>"; };
		BE7CFCED1474B97200062002 /* KKGridViewUpdate.m */ = {isa = PBXFileReference; fileEncoding = 4; lastKnownFileType = sourcecode.c.objc; path = KKGridViewUpdate.m; sourceTree = "<group>"; };
		BE7CFCEE1474B97200062002 /* KKGridViewUpdateStack.h */ = {isa = PBXFileReference; fileEncoding = 4; lastKnownFileType = sourcecode.c.h; path = KKGridViewUpdateStack.h; sourceTree = "<group>"; };
		BE7CFCEF1474B97200062002 /* KKGridViewUpdateStack.m */ = {isa = PBXFileReference; fileEncoding = 4; lastKnownFileType = sourcecode.c.objc; path = KKGridViewUpdateStack.m; sourceTree = "<group>"; };
		BE7CFCF01474B97200062002 /* KKGridViewViewInfo.h */ = {isa = PBXFileReference; fileEncoding = 4; lastKnownFileType = sourcecode.c.h; path = KKGridViewViewInfo.h; sourceTree = "<group>"; };
		BE7CFCF11474B97200062002 /* KKGridViewViewInfo.m */ = {isa = PBXFileReference; fileEncoding = 4; lastKnownFileType = sourcecode.c.objc; path = KKGridViewViewInfo.m; sourceTree = "<group>"; };
		BE7CFCF21474B97200062002 /* KKIndexPath.h */ = {isa = PBXFileReference; fileEncoding = 4; lastKnownFileType = sourcecode.c.h; path = KKIndexPath.h; sourceTree = "<group>"; };
		BE7CFCF31474B97200062002 /* KKIndexPath.m */ = {isa = PBXFileReference; fileEncoding = 4; lastKnownFileType = sourcecode.c.objc; path = KKIndexPath.m; sourceTree = "<group>"; };
		BE7CFCFC1474C1D300062002 /* CreateMemegramController.h */ = {isa = PBXFileReference; fileEncoding = 4; lastKnownFileType = sourcecode.c.h; path = CreateMemegramController.h; sourceTree = "<group>"; };
		BE7CFCFD1474C1D300062002 /* CreateMemegramController.m */ = {isa = PBXFileReference; fileEncoding = 4; lastKnownFileType = sourcecode.c.objc; path = CreateMemegramController.m; sourceTree = "<group>"; };
		BE7CFD001475938300062002 /* CreateMemegramView.h */ = {isa = PBXFileReference; fileEncoding = 4; lastKnownFileType = sourcecode.c.h; path = CreateMemegramView.h; sourceTree = "<group>"; };
		BE7CFD011475938300062002 /* CreateMemegramView.m */ = {isa = PBXFileReference; fileEncoding = 4; lastKnownFileType = sourcecode.c.objc; path = CreateMemegramView.m; sourceTree = "<group>"; };
		BE7CFD031475940200062002 /* MemegramTextView.h */ = {isa = PBXFileReference; fileEncoding = 4; lastKnownFileType = sourcecode.c.h; path = MemegramTextView.h; sourceTree = "<group>"; };
		BE7CFD041475940200062002 /* MemegramTextView.m */ = {isa = PBXFileReference; fileEncoding = 4; lastKnownFileType = sourcecode.c.objc; path = MemegramTextView.m; sourceTree = "<group>"; };
		BE7CFD061475A3BE00062002 /* UIToolbar+WillFleming.h */ = {isa = PBXFileReference; fileEncoding = 4; lastKnownFileType = sourcecode.c.h; path = "UIToolbar+WillFleming.h"; sourceTree = "<group>"; };
		BE7CFD071475A3BE00062002 /* UIToolbar+WillFleming.m */ = {isa = PBXFileReference; fileEncoding = 4; lastKnownFileType = sourcecode.c.objc; path = "UIToolbar+WillFleming.m"; sourceTree = "<group>"; };
		BE7CFD091475A84B00062002 /* TextViewInputAccessory.h */ = {isa = PBXFileReference; fileEncoding = 4; lastKnownFileType = sourcecode.c.h; path = TextViewInputAccessory.h; sourceTree = "<group>"; };
		BE7CFD0A1475A84B00062002 /* TextViewInputAccessory.m */ = {isa = PBXFileReference; fileEncoding = 4; lastKnownFileType = sourcecode.c.objc; path = TextViewInputAccessory.m; sourceTree = "<group>"; };
		BE7CFD0C1475A91000062002 /* MemegramTextViewDelegate.h */ = {isa = PBXFileReference; fileEncoding = 4; lastKnownFileType = sourcecode.c.h; path = MemegramTextViewDelegate.h; sourceTree = "<group>"; };
		BE7CFD0D1475A91000062002 /* MemegramTextViewDelegate.m */ = {isa = PBXFileReference; fileEncoding = 4; lastKnownFileType = sourcecode.c.objc; path = MemegramTextViewDelegate.m; sourceTree = "<group>"; };
		BE7CFD0F1475CEAE00062002 /* CoreText.framework */ = {isa = PBXFileReference; lastKnownFileType = wrapper.framework; name = CoreText.framework; path = System/Library/Frameworks/CoreText.framework; sourceTree = SDKROOT; };
		BE7CFD50147600C300062002 /* BaseModel.h */ = {isa = PBXFileReference; fileEncoding = 4; lastKnownFileType = sourcecode.c.h; path = BaseModel.h; sourceTree = "<group>"; };
		BE7CFD51147600C300062002 /* BaseModel.m */ = {isa = PBXFileReference; fileEncoding = 4; lastKnownFileType = sourcecode.c.objc; path = BaseModel.m; sourceTree = "<group>"; };
		BE7CFD541476020F00062002 /* Memegram.h */ = {isa = PBXFileReference; fileEncoding = 4; lastKnownFileType = sourcecode.c.h; path = Memegram.h; sourceTree = "<group>"; };
		BE7CFD551476020F00062002 /* Memegram.m */ = {isa = PBXFileReference; fileEncoding = 4; lastKnownFileType = sourcecode.c.objc; path = Memegram.m; sourceTree = "<group>"; };
		BE7CFD5A147608F200062002 /* ImageToDataTransformer.h */ = {isa = PBXFileReference; fileEncoding = 4; lastKnownFileType = sourcecode.c.h; path = ImageToDataTransformer.h; sourceTree = "<group>"; };
		BE7CFD5B147608F200062002 /* ImageToDataTransformer.m */ = {isa = PBXFileReference; fileEncoding = 4; lastKnownFileType = sourcecode.c.objc; path = ImageToDataTransformer.m; sourceTree = "<group>"; };
		BE7CFD6114760BCF00062002 /* FinishMemegramController.h */ = {isa = PBXFileReference; fileEncoding = 4; lastKnownFileType = sourcecode.c.h; path = FinishMemegramController.h; sourceTree = "<group>"; };
		BE7CFD6214760BCF00062002 /* FinishMemegramController.m */ = {isa = PBXFileReference; fileEncoding = 4; lastKnownFileType = sourcecode.c.objc; path = FinishMemegramController.m; sourceTree = "<group>"; };
		BE7CFD641476124D00062002 /* UITextViewTableCell.h */ = {isa = PBXFileReference; fileEncoding = 4; lastKnownFileType = sourcecode.c.h; path = UITextViewTableCell.h; sourceTree = "<group>"; };
		BE7CFD651476124D00062002 /* UITextViewTableCell.m */ = {isa = PBXFileReference; fileEncoding = 4; lastKnownFileType = sourcecode.c.objc; path = UITextViewTableCell.m; sourceTree = "<group>"; };
		BE7CFD671476128800062002 /* UISwitchTableCell.h */ = {isa = PBXFileReference; fileEncoding = 4; lastKnownFileType = sourcecode.c.h; path = UISwitchTableCell.h; sourceTree = "<group>"; };
		BE7CFD681476128900062002 /* UISwitchTableCell.m */ = {isa = PBXFileReference; fileEncoding = 4; lastKnownFileType = sourcecode.c.objc; path = UISwitchTableCell.m; sourceTree = "<group>"; };
		BE7CFD6A1476D5F900062002 /* QuartzCore.framework */ = {isa = PBXFileReference; lastKnownFileType = wrapper.framework; name = QuartzCore.framework; path = System/Library/Frameworks/QuartzCore.framework; sourceTree = SDKROOT; };
		BE7CFD6C1476DF3900062002 /* Twitter.framework */ = {isa = PBXFileReference; lastKnownFileType = wrapper.framework; name = Twitter.framework; path = System/Library/Frameworks/Twitter.framework; sourceTree = SDKROOT; };
		BE7CFD6E1476E1A600062002 /* Accounts.framework */ = {isa = PBXFileReference; lastKnownFileType = wrapper.framework; name = Accounts.framework; path = System/Library/Frameworks/Accounts.framework; sourceTree = SDKROOT; };
		BE7CFD701476E35B00062002 /* MGConstants.h */ = {isa = PBXFileReference; fileEncoding = 4; lastKnownFileType = sourcecode.c.h; path = MGConstants.h; sourceTree = "<group>"; };
		BE7CFD711476E60000062002 /* MGConstants.m */ = {isa = PBXFileReference; fileEncoding = 4; lastKnownFileType = sourcecode.c.objc; path = MGConstants.m; sourceTree = "<group>"; };
		BE7CFD731476E82E00062002 /* MGAccountHelper.h */ = {isa = PBXFileReference; fileEncoding = 4; lastKnownFileType = sourcecode.c.h; path = MGAccountHelper.h; sourceTree = "<group>"; };
		BE7CFD741476E82F00062002 /* MGAccountHelper.m */ = {isa = PBXFileReference; fileEncoding = 4; lastKnownFileType = sourcecode.c.objc; path = MGAccountHelper.m; sourceTree = "<group>"; };
		BE7CFD761477024C00062002 /* MGUploader.h */ = {isa = PBXFileReference; fileEncoding = 4; lastKnownFileType = sourcecode.c.h; path = MGUploader.h; sourceTree = "<group>"; };
		BE7CFD771477025000062002 /* MGUploader.m */ = {isa = PBXFileReference; fileEncoding = 4; lastKnownFileType = sourcecode.c.objc; path = MGUploader.m; sourceTree = "<group>"; };
		BE7CFD7914770D1600062002 /* MGConnection.h */ = {isa = PBXFileReference; fileEncoding = 4; lastKnownFileType = sourcecode.c.h; path = MGConnection.h; sourceTree = "<group>"; };
		BE7CFD7A14770D1700062002 /* MGConnection.m */ = {isa = PBXFileReference; fileEncoding = 4; lastKnownFileType = sourcecode.c.objc; path = MGConnection.m; sourceTree = "<group>"; };
		BE7CFD7C147711A700062002 /* MemegramAPI.h */ = {isa = PBXFileReference; fileEncoding = 4; lastKnownFileType = sourcecode.c.h; path = MemegramAPI.h; sourceTree = "<group>"; };
		BE7CFD7D147711A800062002 /* MemegramAPI.m */ = {isa = PBXFileReference; fileEncoding = 4; lastKnownFileType = sourcecode.c.objc; path = MemegramAPI.m; sourceTree = "<group>"; };
		BE7CFD83147730B100062002 /* SystemConfiguration.framework */ = {isa = PBXFileReference; lastKnownFileType = wrapper.framework; name = SystemConfiguration.framework; path = System/Library/Frameworks/SystemConfiguration.framework; sourceTree = SDKROOT; };
		BE95EEA41478635300452A35 /* YourMemegramsController.h */ = {isa = PBXFileReference; fileEncoding = 4; lastKnownFileType = sourcecode.c.h; path = YourMemegramsController.h; sourceTree = "<group>"; };
		BE95EEA51478635300452A35 /* YourMemegramsController.m */ = {isa = PBXFileReference; fileEncoding = 4; lastKnownFileType = sourcecode.c.objc; path = YourMemegramsController.m; sourceTree = "<group>"; };
		BEB4B8461474A6BE0096A563 /* InstagramMediaCell.h */ = {isa = PBXFileReference; fileEncoding = 4; lastKnownFileType = sourcecode.c.h; path = InstagramMediaCell.h; sourceTree = "<group>"; };
		BEB4B8471474A6BE0096A563 /* InstagramMediaCell.m */ = {isa = PBXFileReference; fileEncoding = 4; lastKnownFileType = sourcecode.c.objc; path = InstagramMediaCell.m; sourceTree = "<group>"; };
		BECCAFEE147866CC0036BC16 /* MemegramCell.h */ = {isa = PBXFileReference; fileEncoding = 4; lastKnownFileType = sourcecode.c.h; path = MemegramCell.h; sourceTree = "<group>"; };
		BECCAFEF147866CC0036BC16 /* MemegramCell.m */ = {isa = PBXFileReference; fileEncoding = 4; lastKnownFileType = sourcecode.c.objc; path = MemegramCell.m; sourceTree = "<group>"; };
		BECEA32D1478714700AF315C /* MemegramDetailController.h */ = {isa = PBXFileReference; fileEncoding = 4; lastKnownFileType = sourcecode.c.h; path = MemegramDetailController.h; sourceTree = "<group>"; };
		BECEA32E1478714700AF315C /* MemegramDetailController.m */ = {isa = PBXFileReference; fileEncoding = 4; lastKnownFileType = sourcecode.c.objc; path = MemegramDetailController.m; sourceTree = "<group>"; };
		BECEA330147873BA00AF315C /* ImageCell.h */ = {isa = PBXFileReference; fileEncoding = 4; lastKnownFileType = sourcecode.c.h; path = ImageCell.h; sourceTree = "<group>"; };
		BECEA331147873BA00AF315C /* ImageCell.m */ = {isa = PBXFileReference; fileEncoding = 4; lastKnownFileType = sourcecode.c.objc; path = ImageCell.m; sourceTree = "<group>"; };
		BEE7A6481471EB58002CB0C0 /* IGInstagramAPI.h */ = {isa = PBXFileReference; fileEncoding = 4; lastKnownFileType = sourcecode.c.h; path = IGInstagramAPI.h; sourceTree = "<group>"; };
		BEE7A6491471EB58002CB0C0 /* IGInstagramAPI.m */ = {isa = PBXFileReference; fileEncoding = 4; lastKnownFileType = sourcecode.c.objc; path = IGInstagramAPI.m; sourceTree = "<group>"; };
		BEE7A64B1471EBB2002CB0C0 /* IGInstagramAuthController.h */ = {isa = PBXFileReference; fileEncoding = 4; lastKnownFileType = sourcecode.c.h; path = IGInstagramAuthController.h; sourceTree = "<group>"; };
		BEE7A64C1471EBB2002CB0C0 /* IGInstagramAuthController.m */ = {isa = PBXFileReference; fileEncoding = 4; lastKnownFileType = sourcecode.c.objc; path = IGInstagramAuthController.m; sourceTree = "<group>"; };
		BEE7A6881471F3AB002CB0C0 /* Development.xcconfig */ = {isa = PBXFileReference; fileEncoding = 4; lastKnownFileType = text.xcconfig; path = Development.xcconfig; sourceTree = "<group>"; };
		BEE7A68A1471F4A1002CB0C0 /* Production.xcconfig */ = {isa = PBXFileReference; fileEncoding = 4; lastKnownFileType = text.xcconfig; path = Production.xcconfig; sourceTree = "<group>"; };
		BEE7A68C14720322002CB0C0 /* IGInstagramMedia.h */ = {isa = PBXFileReference; fileEncoding = 4; lastKnownFileType = sourcecode.c.h; path = IGInstagramMedia.h; sourceTree = "<group>"; };
		BEE7A68D14720322002CB0C0 /* IGInstagramMedia.m */ = {isa = PBXFileReference; fileEncoding = 4; lastKnownFileType = sourcecode.c.objc; path = IGInstagramMedia.m; sourceTree = "<group>"; };
		BEE7A694147209F6002CB0C0 /* IGConnection.h */ = {isa = PBXFileReference; fileEncoding = 4; lastKnownFileType = sourcecode.c.h; path = IGConnection.h; sourceTree = "<group>"; };
		BEE7A695147209F6002CB0C0 /* IGConnection.m */ = {isa = PBXFileReference; fileEncoding = 4; lastKnownFileType = sourcecode.c.objc; path = IGConnection.m; sourceTree = "<group>"; };
		BEE7A69714720A3A002CB0C0 /* IGResponse.h */ = {isa = PBXFileReference; fileEncoding = 4; lastKnownFileType = sourcecode.c.h; name = IGResponse.h; path = Memegram/IGResponse.h; sourceTree = "<group>"; };
		BEE7A69814720A3A002CB0C0 /* IGResponse.m */ = {isa = PBXFileReference; fileEncoding = 4; lastKnownFileType = sourcecode.c.objc; name = IGResponse.m; path = Memegram/IGResponse.m; sourceTree = "<group>"; };
		BEE7A6A214720C8F002CB0C0 /* IGConnectionDelegate.h */ = {isa = PBXFileReference; fileEncoding = 4; lastKnownFileType = sourcecode.c.h; name = IGConnectionDelegate.h; path = Memegram/IGConnectionDelegate.h; sourceTree = "<group>"; };
		BEE7A6A314720C8F002CB0C0 /* IGConnectionDelegate.m */ = {isa = PBXFileReference; fileEncoding = 4; lastKnownFileType = sourcecode.c.objc; name = IGConnectionDelegate.m; path = Memegram/IGConnectionDelegate.m; sourceTree = "<group>"; };
		BEE7A6A614721638002CB0C0 /* IGAuthDefaultInitialView.h */ = {isa = PBXFileReference; fileEncoding = 4; lastKnownFileType = sourcecode.c.h; path = IGAuthDefaultInitialView.h; sourceTree = "<group>"; };
		BEE7A6A714721638002CB0C0 /* IGAuthDefaultInitialView.m */ = {isa = PBXFileReference; fileEncoding = 4; lastKnownFileType = sourcecode.c.objc; path = IGAuthDefaultInitialView.m; sourceTree = "<group>"; };
		BEE7A6AA1472255F002CB0C0 /* UIView+WillFleming.h */ = {isa = PBXFileReference; fileEncoding = 4; lastKnownFileType = sourcecode.c.h; path = "UIView+WillFleming.h"; sourceTree = "<group>"; };
		BEE7A6AB1472255F002CB0C0 /* UIView+WillFleming.m */ = {isa = PBXFileReference; fileEncoding = 4; lastKnownFileType = sourcecode.c.objc; path = "UIView+WillFleming.m"; sourceTree = "<group>"; };
/* End PBXFileReference section */

/* Begin PBXFrameworksBuildPhase section */
		BE799D881471962600CFC615 /* Frameworks */ = {
			isa = PBXFrameworksBuildPhase;
			buildActionMask = 2147483647;
			files = (
				BE76A23D1479499500B722F4 /* libxml2.dylib in Frameworks */,
				BE7CFD84147730B300062002 /* SystemConfiguration.framework in Frameworks */,
				BE7CFD6F1476E1A700062002 /* Accounts.framework in Frameworks */,
				BE7CFD6D1476DF3A00062002 /* Twitter.framework in Frameworks */,
				BE7CFD6B1476D5F900062002 /* QuartzCore.framework in Frameworks */,
				BE799D901471962600CFC615 /* UIKit.framework in Frameworks */,
				BE799D921471962600CFC615 /* Foundation.framework in Frameworks */,
				BE799D941471962600CFC615 /* CoreGraphics.framework in Frameworks */,
				BE799D961471962600CFC615 /* CoreData.framework in Frameworks */,
			);
			runOnlyForDeploymentPostprocessing = 0;
		};
		BE799DB91471962700CFC615 /* Frameworks */ = {
			isa = PBXFrameworksBuildPhase;
			buildActionMask = 2147483647;
			files = (
				BE799DBF1471962700CFC615 /* SenTestingKit.framework in Frameworks */,
				BE799DC01471962700CFC615 /* UIKit.framework in Frameworks */,
				BE799DC11471962700CFC615 /* Foundation.framework in Frameworks */,
				BE799DC21471962700CFC615 /* CoreData.framework in Frameworks */,
			);
			runOnlyForDeploymentPostprocessing = 0;
		};
/* End PBXFrameworksBuildPhase section */

/* Begin PBXGroup section */
		BE26F091147430D900192403 /* TouchJSON */ = {
			isa = PBXGroup;
			children = (
				BE26F092147430D900192403 /* CDataScanner.h */,
				BE26F093147430D900192403 /* CDataScanner.m */,
				BE26F094147430D900192403 /* Experimental */,
				BE26F09B147430D900192403 /* Extensions */,
				BE26F0A0147430D900192403 /* JSON */,
			);
			path = TouchJSON;
			sourceTree = "<group>";
		};
		BE26F094147430D900192403 /* Experimental */ = {
			isa = PBXGroup;
			children = (
				BE26F095147430D900192403 /* CFilteringJSONSerializer.h */,
				BE26F096147430D900192403 /* CFilteringJSONSerializer.m */,
				BE26F097147430D900192403 /* CJSONSerialization.h */,
				BE26F098147430D900192403 /* CJSONSerialization.m */,
				BE26F099147430D900192403 /* CJSONSerializedData.h */,
				BE26F09A147430D900192403 /* CJSONSerializedData.m */,
			);
			path = Experimental;
			sourceTree = "<group>";
		};
		BE26F09B147430D900192403 /* Extensions */ = {
			isa = PBXGroup;
			children = (
				BE26F09C147430D900192403 /* CDataScanner_Extensions.h */,
				BE26F09D147430D900192403 /* CDataScanner_Extensions.m */,
				BE26F09E147430D900192403 /* NSDictionary_JSONExtensions.h */,
				BE26F09F147430D900192403 /* NSDictionary_JSONExtensions.m */,
			);
			path = Extensions;
			sourceTree = "<group>";
		};
		BE26F0A0147430D900192403 /* JSON */ = {
			isa = PBXGroup;
			children = (
				BE26F0A1147430D900192403 /* CJSONDeserializer.h */,
				BE26F0A2147430D900192403 /* CJSONDeserializer.m */,
				BE26F0A3147430D900192403 /* CJSONScanner.h */,
				BE26F0A4147430D900192403 /* CJSONScanner.m */,
				BE26F0A5147430D900192403 /* CJSONSerializer.h */,
				BE26F0A6147430D900192403 /* CJSONSerializer.m */,
				BE26F0A7147430D900192403 /* JSONRepresentation.h */,
			);
			path = JSON;
			sourceTree = "<group>";
		};
		BE26F0C5147459E600192403 /* StatusCenter */ = {
			isa = PBXGroup;
			children = (
				BE26F0C2147459E200192403 /* StatusCenter.h */,
				BE26F0C3147459E200192403 /* StatusCenter.m */,
				BE26F0C714745A7D00192403 /* StatusItem.h */,
				BE26F0C814745A7D00192403 /* StatusItem.m */,
			);
			name = StatusCenter;
			sourceTree = "<group>";
		};
		BE26F0C6147459F400192403 /* Class Additions */ = {
			isa = PBXGroup;
			children = (
				BEE7A6AA1472255F002CB0C0 /* UIView+WillFleming.h */,
				BEE7A6AB1472255F002CB0C0 /* UIView+WillFleming.m */,
				BE26F085147418E200192403 /* NSString+WillFleming.h */,
				BE26F086147418E200192403 /* NSString+WillFleming.m */,
				BE26F0881474266B00192403 /* NSURL+WillFleming.h */,
				BE26F0891474266B00192403 /* NSURL+WillFleming.m */,
				BE26F0D01474774200192403 /* UIViewController+WillFleming.h */,
				BE26F0D11474774200192403 /* UIViewController+WillFleming.m */,
				BE7CFD061475A3BE00062002 /* UIToolbar+WillFleming.h */,
				BE7CFD071475A3BE00062002 /* UIToolbar+WillFleming.m */,
			);
			name = "Class Additions";
			sourceTree = "<group>";
		};
		BE2DD008147D671400B6C31B /* KKGridView Resources */ = {
			isa = PBXGroup;
			children = (
				BE2DD009147D671400B6C31B /* failure-btn-press.png */,
				BE2DD00A147D671400B6C31B /* failure-btn-press@2x.png */,
				BE2DD00B147D671400B6C31B /* failure-btn.png */,
				BE2DD00C147D671400B6C31B /* failure-btn@2x.png */,
				BE2DD00D147D671400B6C31B /* UIUnreadIndicator.png */,
				BE2DD00E147D671400B6C31B /* UIUnreadIndicator@2x.png */,
				BE2DD00F147D671400B6C31B /* UIUnreadIndicatorPartial.png */,
				BE2DD010147D671400B6C31B /* UIUnreadIndicatorPartial@2x.png */,
				BE2DD011147D671400B6C31B /* UIUnreadIndicatorPartialPressed.png */,
				BE2DD012147D671400B6C31B /* UIUnreadIndicatorPartialPressed@2x.png */,
				BE2DD013147D671400B6C31B /* UIUnreadIndicatorPressed.png */,
				BE2DD014147D671400B6C31B /* UIUnreadIndicatorPressed@2x.png */,
			);
			path = "KKGridView Resources";
			sourceTree = "<group>";
		};
		BE76A20D147948AE00B722F4 /* Airbrake NOARC */ = {
			isa = PBXGroup;
			children = (
				BE76A20E147948AE00B722F4 /* gcalertview */,
				BE76A211147948AE00B722F4 /* kissxml */,
				BE76A221147948AE00B722F4 /* notifier */,
			);
			name = "Airbrake NOARC";
			path = Airbrake;
			sourceTree = "<group>";
		};
		BE76A20E147948AE00B722F4 /* gcalertview */ = {
			isa = PBXGroup;
			children = (
				BE76A20F147948AE00B722F4 /* GCAlertView.h */,
				BE76A210147948AE00B722F4 /* GCAlertView.m */,
			);
			path = gcalertview;
			sourceTree = "<group>";
		};
		BE76A211147948AE00B722F4 /* kissxml */ = {
			isa = PBXGroup;
			children = (
				BE76A212147948AE00B722F4 /* Additions */,
				BE76A215147948AE00B722F4 /* Categories */,
				BE76A218147948AE00B722F4 /* DDXML.h */,
				BE76A219147948AE00B722F4 /* DDXMLDocument.h */,
				BE76A21A147948AE00B722F4 /* DDXMLDocument.m */,
				BE76A21B147948AE00B722F4 /* DDXMLElement.h */,
				BE76A21C147948AE00B722F4 /* DDXMLElement.m */,
				BE76A21D147948AE00B722F4 /* DDXMLNode.h */,
				BE76A21E147948AE00B722F4 /* DDXMLNode.m */,
				BE76A21F147948AE00B722F4 /* Private */,
			);
			path = kissxml;
			sourceTree = "<group>";
		};
		BE76A212147948AE00B722F4 /* Additions */ = {
			isa = PBXGroup;
			children = (
				BE76A213147948AE00B722F4 /* DDXMLElementAdditions.h */,
				BE76A214147948AE00B722F4 /* DDXMLElementAdditions.m */,
			);
			path = Additions;
			sourceTree = "<group>";
		};
		BE76A215147948AE00B722F4 /* Categories */ = {
			isa = PBXGroup;
			children = (
				BE76A216147948AE00B722F4 /* NSString+DDXML.h */,
				BE76A217147948AE00B722F4 /* NSString+DDXML.m */,
			);
			path = Categories;
			sourceTree = "<group>";
		};
		BE76A21F147948AE00B722F4 /* Private */ = {
			isa = PBXGroup;
			children = (
				BE76A220147948AE00B722F4 /* DDXMLPrivate.h */,
			);
			path = Private;
			sourceTree = "<group>";
		};
		BE76A221147948AE00B722F4 /* notifier */ = {
			isa = PBXGroup;
			children = (
				BE76A222147948AE00B722F4 /* ABNotice.h */,
				BE76A223147948AE00B722F4 /* ABNotice.m */,
				BE76A224147948AE00B722F4 /* ABNotifier.h */,
				BE76A225147948AE00B722F4 /* ABNotifier.m */,
				BE76A226147948AE00B722F4 /* ABNotifierDelegate.h */,
				BE76A227147948AE00B722F4 /* ABNotifierFunctions.h */,
				BE76A228147948AE00B722F4 /* ABNotifierFunctions.m */,
				BE76A229147948AE00B722F4 /* HTNotifier.strings */,
			);
			path = notifier;
			sourceTree = "<group>";
		};
		BE799D801471962600CFC615 = {
			isa = PBXGroup;
			children = (
				BE799D971471962600CFC615 /* Memegram */,
				BE799DC51471962700CFC615 /* MemegramTests */,
				BEE7A6A91472255F002CB0C0 /* lib */,
				BEE7A6871471F3AB002CB0C0 /* Configurations */,
				BE799D8E1471962600CFC615 /* Frameworks */,
				BE799D8C1471962600CFC615 /* Products */,
			);
			sourceTree = "<group>";
		};
		BE799D8C1471962600CFC615 /* Products */ = {
			isa = PBXGroup;
			children = (
				BE799D8B1471962600CFC615 /* Memegram.app */,
				BE799DBD1471962700CFC615 /* MemegramTests.octest */,
			);
			name = Products;
			sourceTree = "<group>";
		};
		BE799D8E1471962600CFC615 /* Frameworks */ = {
			isa = PBXGroup;
			children = (
				BE76A23C1479499500B722F4 /* libxml2.dylib */,
				BE7CFD83147730B100062002 /* SystemConfiguration.framework */,
				BE7CFD6E1476E1A600062002 /* Accounts.framework */,
				BE7CFD6C1476DF3900062002 /* Twitter.framework */,
				BE7CFD6A1476D5F900062002 /* QuartzCore.framework */,
				BE7CFD0F1475CEAE00062002 /* CoreText.framework */,
				BE799D8F1471962600CFC615 /* UIKit.framework */,
				BE799D911471962600CFC615 /* Foundation.framework */,
				BE799D931471962600CFC615 /* CoreGraphics.framework */,
				BE799D951471962600CFC615 /* CoreData.framework */,
				BE799DBE1471962700CFC615 /* SenTestingKit.framework */,
			);
			name = Frameworks;
			sourceTree = "<group>";
		};
		BE799D971471962600CFC615 /* Memegram */ = {
			isa = PBXGroup;
			children = (
				BE7CFCFB1474C18900062002 /* Memegram Create Controller */,
				BE7CFD5D14760A4700062002 /* Finish Memegram Controller */,
				BEE7A6901472061B002CB0C0 /* Your Memegrams Controller */,
				BECEA328147870A200AF315C /* Memegram Detail Controller */,
				BEE7A68F1472057E002CB0C0 /* Instagram Media Controller */,
				BEE7A6471471EB06002CB0C0 /* MemegramAPI */,
				BEE7A6451471EAF2002CB0C0 /* InstagramAPI */,
				BE799DA01471962700CFC615 /* MGAppDelegate.h */,
				BE799DA11471962700CFC615 /* MGAppDelegate.m */,
				BE7CFD731476E82E00062002 /* MGAccountHelper.h */,
				BE7CFD741476E82F00062002 /* MGAccountHelper.m */,
				BE7CFD761477024C00062002 /* MGUploader.h */,
				BE7CFD771477025000062002 /* MGUploader.m */,
				BE799D981471962600CFC615 /* Supporting Files */,
			);
			path = Memegram;
			sourceTree = "<group>";
		};
		BE799D981471962600CFC615 /* Supporting Files */ = {
			isa = PBXGroup;
			children = (
				BE2DD008147D671400B6C31B /* KKGridView Resources */,
				BE7CFD701476E35B00062002 /* MGConstants.h */,
				BE7CFD711476E60000062002 /* MGConstants.m */,
				BE799DA31471962700CFC615 /* Memegram.xcdatamodeld */,
				BE799D991471962600CFC615 /* Memegram-Info.plist */,
				BE799D9A1471962600CFC615 /* InfoPlist.strings */,
				BE799D9D1471962600CFC615 /* main.m */,
				BE799D9F1471962600CFC615 /* Memegram-Prefix.pch */,
			);
			name = "Supporting Files";
			sourceTree = "<group>";
		};
		BE799DC51471962700CFC615 /* MemegramTests */ = {
			isa = PBXGroup;
			children = (
				BE799DCB1471962700CFC615 /* MemegramTests.h */,
				BE799DCC1471962700CFC615 /* MemegramTests.m */,
				BE799DC61471962700CFC615 /* Supporting Files */,
			);
			path = MemegramTests;
			sourceTree = "<group>";
		};
		BE799DC61471962700CFC615 /* Supporting Files */ = {
			isa = PBXGroup;
			children = (
				BE799DC71471962700CFC615 /* MemegramTests-Info.plist */,
				BE799DC81471962700CFC615 /* InfoPlist.strings */,
			);
			name = "Supporting Files";
			sourceTree = "<group>";
		};
		BE7CFCE31474B97200062002 /* KKGridView */ = {
			isa = PBXGroup;
			children = (
				BE7CFCE41474B97200062002 /* KKGridViewDefinitions.h */,
				BE7CFCE61474B97200062002 /* KKGridView.h */,
				BE7CFCE71474B97200062002 /* KKGridView.mm */,
				BE7CFCE81474B97200062002 /* KKGridViewCell.h */,
				BE7CFCE91474B97200062002 /* KKGridViewCell.m */,
				BE7CFCEA1474B97200062002 /* KKGridViewController.h */,
				BE7CFCEB1474B97200062002 /* KKGridViewController.m */,
				BE7CFCEC1474B97200062002 /* KKGridViewUpdate.h */,
				BE7CFCED1474B97200062002 /* KKGridViewUpdate.m */,
				BE7CFCEE1474B97200062002 /* KKGridViewUpdateStack.h */,
				BE7CFCEF1474B97200062002 /* KKGridViewUpdateStack.m */,
				BE7CFCF01474B97200062002 /* KKGridViewViewInfo.h */,
				BE7CFCF11474B97200062002 /* KKGridViewViewInfo.m */,
				BE7CFCF21474B97200062002 /* KKIndexPath.h */,
				BE7CFCF31474B97200062002 /* KKIndexPath.m */,
			);
			path = KKGridView;
			sourceTree = "<group>";
		};
		BE7CFCFB1474C18900062002 /* Memegram Create Controller */ = {
			isa = PBXGroup;
			children = (
				BE7CFCFF1475935600062002 /* MemegramCreateView */,
				BE7CFCFC1474C1D300062002 /* CreateMemegramController.h */,
				BE7CFCFD1474C1D300062002 /* CreateMemegramController.m */,
			);
			name = "Memegram Create Controller";
			path = ..;
			sourceTree = "<group>";
		};
		BE7CFCFF1475935600062002 /* MemegramCreateView */ = {
			isa = PBXGroup;
			children = (
				BE7CFD001475938300062002 /* CreateMemegramView.h */,
				BE7CFD011475938300062002 /* CreateMemegramView.m */,
				BE7CFD031475940200062002 /* MemegramTextView.h */,
				BE7CFD041475940200062002 /* MemegramTextView.m */,
				BE7CFD091475A84B00062002 /* TextViewInputAccessory.h */,
				BE7CFD0A1475A84B00062002 /* TextViewInputAccessory.m */,
				BE7CFD0C1475A91000062002 /* MemegramTextViewDelegate.h */,
				BE7CFD0D1475A91000062002 /* MemegramTextViewDelegate.m */,
			);
			name = MemegramCreateView;
			sourceTree = "<group>";
		};
		BE7CFD5D14760A4700062002 /* Finish Memegram Controller */ = {
			isa = PBXGroup;
			children = (
				BE7CFD6114760BCF00062002 /* FinishMemegramController.h */,
				BE7CFD6214760BCF00062002 /* FinishMemegramController.m */,
				BE7CFD641476124D00062002 /* UITextViewTableCell.h */,
				BE7CFD651476124D00062002 /* UITextViewTableCell.m */,
				BE7CFD671476128800062002 /* UISwitchTableCell.h */,
				BE7CFD681476128900062002 /* UISwitchTableCell.m */,
			);
			name = "Finish Memegram Controller";
			sourceTree = "<group>";
		};
		BECEA328147870A200AF315C /* Memegram Detail Controller */ = {
			isa = PBXGroup;
			children = (
				BECEA32D1478714700AF315C /* MemegramDetailController.h */,
				BECEA32E1478714700AF315C /* MemegramDetailController.m */,
				BECEA330147873BA00AF315C /* ImageCell.h */,
				BECEA331147873BA00AF315C /* ImageCell.m */,
			);
			name = "Memegram Detail Controller";
			sourceTree = "<group>";
		};
		BEE7A6451471EAF2002CB0C0 /* InstagramAPI */ = {
			isa = PBXGroup;
			children = (
				BEE7A693147209DA002CB0C0 /* HTTP */,
				BEE7A6921472090B002CB0C0 /* Models */,
				BEE7A69114720903002CB0C0 /* Auth Flow */,
				BEE7A6481471EB58002CB0C0 /* IGInstagramAPI.h */,
				BEE7A6491471EB58002CB0C0 /* IGInstagramAPI.m */,
				BE26F0B314744BCA00192403 /* IGInstagramFunctions.h */,
				BE26F0B114744BB500192403 /* IGInstagramFunctions.m */,
			);
			name = InstagramAPI;
			path = ..;
			sourceTree = "<group>";
		};
		BEE7A6471471EB06002CB0C0 /* MemegramAPI */ = {
			isa = PBXGroup;
			children = (
				BE7CFD50147600C300062002 /* BaseModel.h */,
				BE7CFD51147600C300062002 /* BaseModel.m */,
				BE7CFD541476020F00062002 /* Memegram.h */,
				BE7CFD551476020F00062002 /* Memegram.m */,
				BE7CFD7914770D1600062002 /* MGConnection.h */,
				BE7CFD7A14770D1700062002 /* MGConnection.m */,
				BE7CFD7C147711A700062002 /* MemegramAPI.h */,
				BE7CFD7D147711A800062002 /* MemegramAPI.m */,
			);
			name = MemegramAPI;
			sourceTree = "<group>";
		};
		BEE7A6871471F3AB002CB0C0 /* Configurations */ = {
			isa = PBXGroup;
			children = (
				BEE7A68A1471F4A1002CB0C0 /* Production.xcconfig */,
				BEE7A6881471F3AB002CB0C0 /* Development.xcconfig */,
			);
			path = Configurations;
			sourceTree = "<group>";
		};
		BEE7A68F1472057E002CB0C0 /* Instagram Media Controller */ = {
			isa = PBXGroup;
			children = (
				BE799DA61471962700CFC615 /* SelectInstagramMediaController.h */,
				BE799DA71471962700CFC615 /* SelectInstagramMediaController.m */,
				BE26F0CA14745B4600192403 /* InstagramMediaDataSource.h */,
				BE26F0CB14745B4600192403 /* InstagramMediaDataSource.m */,
				BEB4B8461474A6BE0096A563 /* InstagramMediaCell.h */,
				BEB4B8471474A6BE0096A563 /* InstagramMediaCell.m */,
			);
			name = "Instagram Media Controller";
			sourceTree = "<group>";
		};
		BEE7A6901472061B002CB0C0 /* Your Memegrams Controller */ = {
			isa = PBXGroup;
			children = (
				BE95EEA41478635300452A35 /* YourMemegramsController.h */,
				BE95EEA51478635300452A35 /* YourMemegramsController.m */,
				BECCAFEE147866CC0036BC16 /* MemegramCell.h */,
				BECCAFEF147866CC0036BC16 /* MemegramCell.m */,
			);
			name = "Your Memegrams Controller";
			sourceTree = "<group>";
		};
		BEE7A69114720903002CB0C0 /* Auth Flow */ = {
			isa = PBXGroup;
			children = (
				BEE7A64B1471EBB2002CB0C0 /* IGInstagramAuthController.h */,
				BEE7A64C1471EBB2002CB0C0 /* IGInstagramAuthController.m */,
				BEE7A6A614721638002CB0C0 /* IGAuthDefaultInitialView.h */,
				BEE7A6A714721638002CB0C0 /* IGAuthDefaultInitialView.m */,
			);
			name = "Auth Flow";
			sourceTree = "<group>";
		};
		BEE7A6921472090B002CB0C0 /* Models */ = {
			isa = PBXGroup;
			children = (
				BEE7A68C14720322002CB0C0 /* IGInstagramMedia.h */,
				BEE7A68D14720322002CB0C0 /* IGInstagramMedia.m */,
				BE26F08B14742C1400192403 /* IGInstagramUser.h */,
				BE26F08C14742C1400192403 /* IGInstagramUser.m */,
			);
			name = Models;
			sourceTree = "<group>";
		};
		BEE7A693147209DA002CB0C0 /* HTTP */ = {
			isa = PBXGroup;
			children = (
				BEE7A694147209F6002CB0C0 /* IGConnection.h */,
				BEE7A695147209F6002CB0C0 /* IGConnection.m */,
				BEE7A69714720A3A002CB0C0 /* IGResponse.h */,
				BEE7A69814720A3A002CB0C0 /* IGResponse.m */,
				BEE7A6A214720C8F002CB0C0 /* IGConnectionDelegate.h */,
				BEE7A6A314720C8F002CB0C0 /* IGConnectionDelegate.m */,
				BE26F08E14742F8F00192403 /* IGDefaultSerializer.h */,
				BE26F08F14742F8F00192403 /* IGDefaultSerializer.m */,
			);
			name = HTTP;
			sourceTree = "<group>";
		};
		BEE7A6A91472255F002CB0C0 /* lib */ = {
			isa = PBXGroup;
			children = (
				BE76A20D147948AE00B722F4 /* Airbrake NOARC */,
				BE7CFCE31474B97200062002 /* KKGridView */,
				BE26F0C6147459F400192403 /* Class Additions */,
				BE26F0C5147459E600192403 /* StatusCenter */,
				BE26F091147430D900192403 /* TouchJSON */,
				BE7CFD5A147608F200062002 /* ImageToDataTransformer.h */,
				BE7CFD5B147608F200062002 /* ImageToDataTransformer.m */,
			);
			path = lib;
			sourceTree = "<group>";
		};
/* End PBXGroup section */

/* Begin PBXNativeTarget section */
		BE799D8A1471962600CFC615 /* Memegram */ = {
			isa = PBXNativeTarget;
			buildConfigurationList = BE799DD01471962700CFC615 /* Build configuration list for PBXNativeTarget "Memegram" */;
			buildPhases = (
				BE799D871471962600CFC615 /* Sources */,
				BE799D881471962600CFC615 /* Frameworks */,
				BE799D891471962600CFC615 /* Resources */,
			);
			buildRules = (
			);
			dependencies = (
			);
			name = Memegram;
			productName = Memegram;
			productReference = BE799D8B1471962600CFC615 /* Memegram.app */;
			productType = "com.apple.product-type.application";
		};
		BE799DBC1471962700CFC615 /* MemegramTests */ = {
			isa = PBXNativeTarget;
			buildConfigurationList = BE799DD31471962700CFC615 /* Build configuration list for PBXNativeTarget "MemegramTests" */;
			buildPhases = (
				BE799DB81471962700CFC615 /* Sources */,
				BE799DB91471962700CFC615 /* Frameworks */,
				BE799DBA1471962700CFC615 /* Resources */,
				BE799DBB1471962700CFC615 /* ShellScript */,
			);
			buildRules = (
			);
			dependencies = (
				BE799DC41471962700CFC615 /* PBXTargetDependency */,
			);
			name = MemegramTests;
			productName = MemegramTests;
			productReference = BE799DBD1471962700CFC615 /* MemegramTests.octest */;
			productType = "com.apple.product-type.bundle";
		};
/* End PBXNativeTarget section */

/* Begin PBXProject section */
		BE799D821471962600CFC615 /* Project object */ = {
			isa = PBXProject;
			attributes = {
				LastUpgradeCheck = 0420;
				ORGANIZATIONNAME = "Endeca Technologies";
			};
			buildConfigurationList = BE799D851471962600CFC615 /* Build configuration list for PBXProject "Memegram" */;
			compatibilityVersion = "Xcode 3.2";
			developmentRegion = English;
			hasScannedForEncodings = 0;
			knownRegions = (
				en,
				de,
				es,
				fr,
				nl,
				ro,
				ru,
				"zh-Hant",
			);
			mainGroup = BE799D801471962600CFC615;
			productRefGroup = BE799D8C1471962600CFC615 /* Products */;
			projectDirPath = "";
			projectRoot = "";
			targets = (
				BE799D8A1471962600CFC615 /* Memegram */,
				BE799DBC1471962700CFC615 /* MemegramTests */,
			);
		};
/* End PBXProject section */

/* Begin PBXResourcesBuildPhase section */
		BE799D891471962600CFC615 /* Resources */ = {
			isa = PBXResourcesBuildPhase;
			buildActionMask = 2147483647;
			files = (
				BE799D9C1471962600CFC615 /* InfoPlist.strings in Resources */,
				BEE7A6891471F3AB002CB0C0 /* Development.xcconfig in Resources */,
				BEE7A68B1471F4A1002CB0C0 /* Production.xcconfig in Resources */,
				BE76A23B147948AE00B722F4 /* HTNotifier.strings in Resources */,
				BE2DD015147D671400B6C31B /* failure-btn-press.png in Resources */,
				BE2DD016147D671400B6C31B /* failure-btn-press@2x.png in Resources */,
				BE2DD017147D671400B6C31B /* failure-btn.png in Resources */,
				BE2DD018147D671400B6C31B /* failure-btn@2x.png in Resources */,
				BE2DD019147D671400B6C31B /* UIUnreadIndicator.png in Resources */,
				BE2DD01A147D671400B6C31B /* UIUnreadIndicator@2x.png in Resources */,
				BE2DD01B147D671400B6C31B /* UIUnreadIndicatorPartial.png in Resources */,
				BE2DD01C147D671400B6C31B /* UIUnreadIndicatorPartial@2x.png in Resources */,
				BE2DD01D147D671400B6C31B /* UIUnreadIndicatorPartialPressed.png in Resources */,
				BE2DD01E147D671400B6C31B /* UIUnreadIndicatorPartialPressed@2x.png in Resources */,
				BE2DD01F147D671400B6C31B /* UIUnreadIndicatorPressed.png in Resources */,
				BE2DD020147D671400B6C31B /* UIUnreadIndicatorPressed@2x.png in Resources */,
			);
			runOnlyForDeploymentPostprocessing = 0;
		};
		BE799DBA1471962700CFC615 /* Resources */ = {
			isa = PBXResourcesBuildPhase;
			buildActionMask = 2147483647;
			files = (
				BE799DCA1471962700CFC615 /* InfoPlist.strings in Resources */,
			);
			runOnlyForDeploymentPostprocessing = 0;
		};
/* End PBXResourcesBuildPhase section */

/* Begin PBXShellScriptBuildPhase section */
		BE799DBB1471962700CFC615 /* ShellScript */ = {
			isa = PBXShellScriptBuildPhase;
			buildActionMask = 2147483647;
			files = (
			);
			inputPaths = (
			);
			outputPaths = (
			);
			runOnlyForDeploymentPostprocessing = 0;
			shellPath = /bin/sh;
			shellScript = "# Run the unit tests in this test bundle.\n\"${SYSTEM_DEVELOPER_DIR}/Tools/RunUnitTests\"\n";
		};
/* End PBXShellScriptBuildPhase section */

/* Begin PBXSourcesBuildPhase section */
		BE799D871471962600CFC615 /* Sources */ = {
			isa = PBXSourcesBuildPhase;
			buildActionMask = 2147483647;
			files = (
				BE799D9E1471962600CFC615 /* main.m in Sources */,
				BE799DA21471962700CFC615 /* MGAppDelegate.m in Sources */,
				BE799DA51471962700CFC615 /* Memegram.xcdatamodeld in Sources */,
				BE799DA81471962700CFC615 /* SelectInstagramMediaController.m in Sources */,
				BEE7A64A1471EB58002CB0C0 /* IGInstagramAPI.m in Sources */,
				BEE7A64D1471EBB2002CB0C0 /* IGInstagramAuthController.m in Sources */,
				BEE7A68E14720322002CB0C0 /* IGInstagramMedia.m in Sources */,
				BEE7A696147209F6002CB0C0 /* IGConnection.m in Sources */,
				BEE7A69914720A3A002CB0C0 /* IGResponse.m in Sources */,
				BEE7A6A414720C8F002CB0C0 /* IGConnectionDelegate.m in Sources */,
				BEE7A6A814721639002CB0C0 /* IGAuthDefaultInitialView.m in Sources */,
				BEE7A6AC1472255F002CB0C0 /* UIView+WillFleming.m in Sources */,
				BE26F087147418E200192403 /* NSString+WillFleming.m in Sources */,
				BE26F08A1474266B00192403 /* NSURL+WillFleming.m in Sources */,
				BE26F08D14742C1400192403 /* IGInstagramUser.m in Sources */,
				BE26F09014742F8F00192403 /* IGDefaultSerializer.m in Sources */,
				BE26F0A8147430D900192403 /* CDataScanner.m in Sources */,
				BE26F0A9147430D900192403 /* CFilteringJSONSerializer.m in Sources */,
				BE26F0AA147430D900192403 /* CJSONSerialization.m in Sources */,
				BE26F0AB147430D900192403 /* CJSONSerializedData.m in Sources */,
				BE26F0AC147430D900192403 /* CDataScanner_Extensions.m in Sources */,
				BE26F0AD147430D900192403 /* NSDictionary_JSONExtensions.m in Sources */,
				BE26F0AE147430D900192403 /* CJSONDeserializer.m in Sources */,
				BE26F0AF147430D900192403 /* CJSONScanner.m in Sources */,
				BE26F0B0147430D900192403 /* CJSONSerializer.m in Sources */,
				BE26F0B214744BB500192403 /* IGInstagramFunctions.m in Sources */,
				BE26F0C4147459E200192403 /* StatusCenter.m in Sources */,
				BE26F0C914745A7D00192403 /* StatusItem.m in Sources */,
				BE26F0CC14745B4600192403 /* InstagramMediaDataSource.m in Sources */,
				BE26F0D21474774200192403 /* UIViewController+WillFleming.m in Sources */,
				BEB4B8481474A6BE0096A563 /* InstagramMediaCell.m in Sources */,
				BE7CFCF41474B97200062002 /* KKGridView.mm in Sources */,
				BE7CFCF51474B97200062002 /* KKGridViewCell.m in Sources */,
				BE7CFCF61474B97200062002 /* KKGridViewController.m in Sources */,
				BE7CFCF71474B97200062002 /* KKGridViewUpdate.m in Sources */,
				BE7CFCF81474B97200062002 /* KKGridViewUpdateStack.m in Sources */,
				BE7CFCF91474B97200062002 /* KKGridViewViewInfo.m in Sources */,
				BE7CFCFA1474B97200062002 /* KKIndexPath.m in Sources */,
				BE7CFCFE1474C1D300062002 /* CreateMemegramController.m in Sources */,
				BE7CFD021475938300062002 /* CreateMemegramView.m in Sources */,
				BE7CFD051475940200062002 /* MemegramTextView.m in Sources */,
				BE7CFD081475A3BE00062002 /* UIToolbar+WillFleming.m in Sources */,
				BE7CFD0B1475A84C00062002 /* TextViewInputAccessory.m in Sources */,
				BE7CFD0E1475A91000062002 /* MemegramTextViewDelegate.m in Sources */,
				BE7CFD52147600C300062002 /* BaseModel.m in Sources */,
				BE7CFD561476020F00062002 /* Memegram.m in Sources */,
				BE7CFD5C147608F200062002 /* ImageToDataTransformer.m in Sources */,
				BE7CFD6314760BCF00062002 /* FinishMemegramController.m in Sources */,
				BE7CFD661476124D00062002 /* UITextViewTableCell.m in Sources */,
				BE7CFD691476128900062002 /* UISwitchTableCell.m in Sources */,
				BE7CFD721476E60100062002 /* MGConstants.m in Sources */,
				BE7CFD751476E83100062002 /* MGAccountHelper.m in Sources */,
				BE7CFD781477025300062002 /* MGUploader.m in Sources */,
				BE7CFD7B14770D1700062002 /* MGConnection.m in Sources */,
				BE7CFD7E147711A900062002 /* MemegramAPI.m in Sources */,
				BE95EEA61478635300452A35 /* YourMemegramsController.m in Sources */,
				BECCAFF0147866CD0036BC16 /* MemegramCell.m in Sources */,
				BECEA32F1478714700AF315C /* MemegramDetailController.m in Sources */,
				BECEA332147873BA00AF315C /* ImageCell.m in Sources */,
				BE76A232147948AE00B722F4 /* GCAlertView.m in Sources */,
				BE76A233147948AE00B722F4 /* DDXMLElementAdditions.m in Sources */,
				BE76A234147948AE00B722F4 /* NSString+DDXML.m in Sources */,
				BE76A235147948AE00B722F4 /* DDXMLDocument.m in Sources */,
				BE76A236147948AE00B722F4 /* DDXMLElement.m in Sources */,
				BE76A237147948AE00B722F4 /* DDXMLNode.m in Sources */,
				BE76A238147948AE00B722F4 /* ABNotice.m in Sources */,
				BE76A239147948AE00B722F4 /* ABNotifier.m in Sources */,
				BE76A23A147948AE00B722F4 /* ABNotifierFunctions.m in Sources */,
			);
			runOnlyForDeploymentPostprocessing = 0;
		};
		BE799DB81471962700CFC615 /* Sources */ = {
			isa = PBXSourcesBuildPhase;
			buildActionMask = 2147483647;
			files = (
				BE799DCD1471962700CFC615 /* MemegramTests.m in Sources */,
			);
			runOnlyForDeploymentPostprocessing = 0;
		};
/* End PBXSourcesBuildPhase section */

/* Begin PBXTargetDependency section */
		BE799DC41471962700CFC615 /* PBXTargetDependency */ = {
			isa = PBXTargetDependency;
			target = BE799D8A1471962600CFC615 /* Memegram */;
			targetProxy = BE799DC31471962700CFC615 /* PBXContainerItemProxy */;
		};
/* End PBXTargetDependency section */

/* Begin PBXVariantGroup section */
		BE76A229147948AE00B722F4 /* HTNotifier.strings */ = {
			isa = PBXVariantGroup;
			children = (
				BE76A22A147948AE00B722F4 /* de */,
				BE76A22B147948AE00B722F4 /* en */,
				BE76A22C147948AE00B722F4 /* es */,
				BE76A22D147948AE00B722F4 /* fr */,
				BE76A22E147948AE00B722F4 /* nl */,
				BE76A22F147948AE00B722F4 /* ro */,
				BE76A230147948AE00B722F4 /* ru */,
				BE76A231147948AE00B722F4 /* zh-Hant */,
			);
			name = HTNotifier.strings;
			sourceTree = "<group>";
		};
		BE799D9A1471962600CFC615 /* InfoPlist.strings */ = {
			isa = PBXVariantGroup;
			children = (
				BE799D9B1471962600CFC615 /* en */,
			);
			name = InfoPlist.strings;
			sourceTree = "<group>";
		};
		BE799DC81471962700CFC615 /* InfoPlist.strings */ = {
			isa = PBXVariantGroup;
			children = (
				BE799DC91471962700CFC615 /* en */,
			);
			name = InfoPlist.strings;
			sourceTree = "<group>";
		};
/* End PBXVariantGroup section */

/* Begin XCBuildConfiguration section */
		BE2DCFDE147CADB600B6C31B /* TestFlight */ = {
			isa = XCBuildConfiguration;
			baseConfigurationReference = BEE7A68A1471F4A1002CB0C0 /* Production.xcconfig */;
			buildSettings = {
				ALWAYS_SEARCH_USER_PATHS = NO;
				ARCHS = "$(ARCHS_STANDARD_32_BIT)";
				CLANG_ENABLE_OBJC_ARC = YES;
				"CODE_SIGN_IDENTITY[sdk=iphoneos*]" = "iPhone Developer";
				COPY_PHASE_STRIP = YES;
				GCC_C_LANGUAGE_STANDARD = gnu99;
				GCC_VERSION = com.apple.compilers.llvm.clang.1_0;
				GCC_WARN_ABOUT_MISSING_PROTOTYPES = YES;
				GCC_WARN_ABOUT_RETURN_TYPE = YES;
				GCC_WARN_UNUSED_VARIABLE = YES;
				"HEADER_SEARCH_PATHS[arch=*]" = "lib/**";
				IPHONEOS_DEPLOYMENT_TARGET = 5.0;
				OTHER_CFLAGS = "-DNS_BLOCK_ASSERTIONS=1";
				SDKROOT = iphoneos;
				TARGETED_DEVICE_FAMILY = 1;
				VALIDATE_PRODUCT = YES;
			};
			name = TestFlight;
		};
		BE2DCFDF147CADB600B6C31B /* TestFlight */ = {
			isa = XCBuildConfiguration;
			baseConfigurationReference = BEE7A68A1471F4A1002CB0C0 /* Production.xcconfig */;
			buildSettings = {
				CODE_SIGN_IDENTITY = "iPhone Distribution: William Fleming";
				"CODE_SIGN_IDENTITY[sdk=iphoneos*]" = "iPhone Distribution: William Fleming";
				COPY_PHASE_STRIP = NO;
				CURRENT_PROJECT_VERSION = 4;
				GCC_PRECOMPILE_PREFIX_HEADER = YES;
				GCC_PREFIX_HEADER = "Memegram/Memegram-Prefix.pch";
				GCC_VERSION = com.apple.compilers.llvm.clang.1_0;
				HEADER_SEARCH_PATHS = /usr/include/libxml2;
				"HEADER_SEARCH_PATHS[arch=*]" = /usr/include/libxml2;
				INFOPLIST_FILE = "Memegram/Memegram-Info.plist";
				OTHER_LDFLAGS = "-lstdc++";
				PRODUCT_NAME = "$(TARGET_NAME)";
				PROVISIONING_PROFILE = "9BF84DBD-346C-45BE-9D55-0AAFD71CC43C";
				"PROVISIONING_PROFILE[sdk=iphoneos*]" = "9BF84DBD-346C-45BE-9D55-0AAFD71CC43C";
				VERSIONING_SYSTEM = "apple-generic";
				WRAPPER_EXTENSION = app;
			};
			name = TestFlight;
		};
		BE2DCFE0147CADB600B6C31B /* TestFlight */ = {
			isa = XCBuildConfiguration;
			baseConfigurationReference = BEE7A68A1471F4A1002CB0C0 /* Production.xcconfig */;
			buildSettings = {
				BUNDLE_LOADER = "$(BUILT_PRODUCTS_DIR)/Memegram.app/Memegram";
				FRAMEWORK_SEARCH_PATHS = (
					"$(SDKROOT)/Developer/Library/Frameworks",
					"$(DEVELOPER_LIBRARY_DIR)/Frameworks",
				);
				GCC_PRECOMPILE_PREFIX_HEADER = YES;
				GCC_PREFIX_HEADER = "Memegram/Memegram-Prefix.pch";
				INFOPLIST_FILE = "MemegramTests/MemegramTests-Info.plist";
				PRODUCT_NAME = "$(TARGET_NAME)";
				TEST_HOST = "$(BUNDLE_LOADER)";
				WRAPPER_EXTENSION = octest;
			};
			name = TestFlight;
		};
		BE799DCE1471962700CFC615 /* Debug */ = {
			isa = XCBuildConfiguration;
			baseConfigurationReference = BEE7A6881471F3AB002CB0C0 /* Development.xcconfig */;
			buildSettings = {
				ALWAYS_SEARCH_USER_PATHS = NO;
				ARCHS = "$(ARCHS_STANDARD_32_BIT)";
				CLANG_ENABLE_OBJC_ARC = YES;
				"CODE_SIGN_IDENTITY[sdk=iphoneos*]" = "iPhone Developer";
				COPY_PHASE_STRIP = NO;
				GCC_C_LANGUAGE_STANDARD = gnu99;
				GCC_DYNAMIC_NO_PIC = NO;
				GCC_OPTIMIZATION_LEVEL = 0;
				GCC_PREPROCESSOR_DEFINITIONS = (
					"DEBUG=1",
					"$(inherited)",
				);
				GCC_SYMBOLS_PRIVATE_EXTERN = NO;
				GCC_VERSION = com.apple.compilers.llvm.clang.1_0;
				GCC_WARN_ABOUT_MISSING_PROTOTYPES = YES;
				GCC_WARN_ABOUT_RETURN_TYPE = YES;
				GCC_WARN_UNUSED_VARIABLE = YES;
				"HEADER_SEARCH_PATHS[arch=*]" = "lib/**";
				IPHONEOS_DEPLOYMENT_TARGET = 5.0;
				SDKROOT = iphoneos;
				TARGETED_DEVICE_FAMILY = 1;
			};
			name = Debug;
		};
		BE799DCF1471962700CFC615 /* Release */ = {
			isa = XCBuildConfiguration;
			baseConfigurationReference = BEE7A68A1471F4A1002CB0C0 /* Production.xcconfig */;
			buildSettings = {
				ALWAYS_SEARCH_USER_PATHS = NO;
				ARCHS = "$(ARCHS_STANDARD_32_BIT)";
				CLANG_ENABLE_OBJC_ARC = YES;
				"CODE_SIGN_IDENTITY[sdk=iphoneos*]" = "iPhone Developer";
				COPY_PHASE_STRIP = YES;
				GCC_C_LANGUAGE_STANDARD = gnu99;
				GCC_VERSION = com.apple.compilers.llvm.clang.1_0;
				GCC_WARN_ABOUT_MISSING_PROTOTYPES = YES;
				GCC_WARN_ABOUT_RETURN_TYPE = YES;
				GCC_WARN_UNUSED_VARIABLE = YES;
				"HEADER_SEARCH_PATHS[arch=*]" = "lib/**";
				IPHONEOS_DEPLOYMENT_TARGET = 5.0;
				OTHER_CFLAGS = "-DNS_BLOCK_ASSERTIONS=1";
				SDKROOT = iphoneos;
				TARGETED_DEVICE_FAMILY = 1;
				VALIDATE_PRODUCT = YES;
			};
			name = Release;
		};
		BE799DD11471962700CFC615 /* Debug */ = {
			isa = XCBuildConfiguration;
			baseConfigurationReference = BEE7A6881471F3AB002CB0C0 /* Development.xcconfig */;
			buildSettings = {
				CURRENT_PROJECT_VERSION = 4;
				GCC_PRECOMPILE_PREFIX_HEADER = YES;
				GCC_PREFIX_HEADER = "Memegram/Memegram-Prefix.pch";
				GCC_VERSION = com.apple.compilers.llvm.clang.1_0;
				HEADER_SEARCH_PATHS = /usr/include/libxml2;
				"HEADER_SEARCH_PATHS[arch=*]" = /usr/include/libxml2;
				INFOPLIST_FILE = "Memegram/Memegram-Info.plist";
				OTHER_LDFLAGS = "-lstdc++";
				PRODUCT_NAME = "$(TARGET_NAME)";
				VERSIONING_SYSTEM = "apple-generic";
				WRAPPER_EXTENSION = app;
			};
			name = Debug;
		};
		BE799DD21471962700CFC615 /* Release */ = {
			isa = XCBuildConfiguration;
			baseConfigurationReference = BEE7A68A1471F4A1002CB0C0 /* Production.xcconfig */;
			buildSettings = {
				COPY_PHASE_STRIP = NO;
				CURRENT_PROJECT_VERSION = 4;
				GCC_PRECOMPILE_PREFIX_HEADER = YES;
				GCC_PREFIX_HEADER = "Memegram/Memegram-Prefix.pch";
				GCC_VERSION = com.apple.compilers.llvm.clang.1_0;
				HEADER_SEARCH_PATHS = /usr/include/libxml2;
				"HEADER_SEARCH_PATHS[arch=*]" = /usr/include/libxml2;
				INFOPLIST_FILE = "Memegram/Memegram-Info.plist";
				OTHER_LDFLAGS = "-lstdc++";
				PRODUCT_NAME = "$(TARGET_NAME)";
				VERSIONING_SYSTEM = "apple-generic";
				WRAPPER_EXTENSION = app;
			};
			name = Release;
		};
		BE799DD41471962700CFC615 /* Debug */ = {
			isa = XCBuildConfiguration;
			baseConfigurationReference = BEE7A6881471F3AB002CB0C0 /* Development.xcconfig */;
			buildSettings = {
				BUNDLE_LOADER = "$(BUILT_PRODUCTS_DIR)/Memegram.app/Memegram";
				FRAMEWORK_SEARCH_PATHS = (
					"$(SDKROOT)/Developer/Library/Frameworks",
					"$(DEVELOPER_LIBRARY_DIR)/Frameworks",
				);
				GCC_PRECOMPILE_PREFIX_HEADER = YES;
				GCC_PREFIX_HEADER = "Memegram/Memegram-Prefix.pch";
				INFOPLIST_FILE = "MemegramTests/MemegramTests-Info.plist";
				PRODUCT_NAME = "$(TARGET_NAME)";
				TEST_HOST = "$(BUNDLE_LOADER)";
				WRAPPER_EXTENSION = octest;
			};
			name = Debug;
		};
		BE799DD51471962700CFC615 /* Release */ = {
			isa = XCBuildConfiguration;
			baseConfigurationReference = BEE7A68A1471F4A1002CB0C0 /* Production.xcconfig */;
			buildSettings = {
				BUNDLE_LOADER = "$(BUILT_PRODUCTS_DIR)/Memegram.app/Memegram";
				FRAMEWORK_SEARCH_PATHS = (
					"$(SDKROOT)/Developer/Library/Frameworks",
					"$(DEVELOPER_LIBRARY_DIR)/Frameworks",
				);
				GCC_PRECOMPILE_PREFIX_HEADER = YES;
				GCC_PREFIX_HEADER = "Memegram/Memegram-Prefix.pch";
				INFOPLIST_FILE = "MemegramTests/MemegramTests-Info.plist";
				PRODUCT_NAME = "$(TARGET_NAME)";
				TEST_HOST = "$(BUNDLE_LOADER)";
				WRAPPER_EXTENSION = octest;
			};
			name = Release;
		};
/* End XCBuildConfiguration section */

/* Begin XCConfigurationList section */
		BE799D851471962600CFC615 /* Build configuration list for PBXProject "Memegram" */ = {
			isa = XCConfigurationList;
			buildConfigurations = (
				BE799DCE1471962700CFC615 /* Debug */,
				BE799DCF1471962700CFC615 /* Release */,
				BE2DCFDE147CADB600B6C31B /* TestFlight */,
			);
			defaultConfigurationIsVisible = 0;
			defaultConfigurationName = Release;
		};
		BE799DD01471962700CFC615 /* Build configuration list for PBXNativeTarget "Memegram" */ = {
			isa = XCConfigurationList;
			buildConfigurations = (
				BE799DD11471962700CFC615 /* Debug */,
				BE799DD21471962700CFC615 /* Release */,
				BE2DCFDF147CADB600B6C31B /* TestFlight */,
			);
			defaultConfigurationIsVisible = 0;
			defaultConfigurationName = Release;
		};
		BE799DD31471962700CFC615 /* Build configuration list for PBXNativeTarget "MemegramTests" */ = {
			isa = XCConfigurationList;
			buildConfigurations = (
				BE799DD41471962700CFC615 /* Debug */,
				BE799DD51471962700CFC615 /* Release */,
				BE2DCFE0147CADB600B6C31B /* TestFlight */,
			);
			defaultConfigurationIsVisible = 0;
			defaultConfigurationName = Release;
		};
/* End XCConfigurationList section */

/* Begin XCVersionGroup section */
		BE799DA31471962700CFC615 /* Memegram.xcdatamodeld */ = {
			isa = XCVersionGroup;
			children = (
				BE799DA41471962700CFC615 /* Memegram.xcdatamodel */,
			);
			currentVersion = BE799DA41471962700CFC615 /* Memegram.xcdatamodel */;
			path = Memegram.xcdatamodeld;
			sourceTree = "<group>";
			versionGroupType = wrapper.xcdatamodel;
		};
/* End XCVersionGroup section */
	};
	rootObject = BE799D821471962600CFC615 /* Project object */;
}
